{
    "_meta": {
        "hash": {
            "sha256": "6cc75b561de4836bca685c5a483fdc1a692efba3893bcc942ab47706ee162db8"
        },
        "pipfile-spec": 6,
        "requires": {
            "python_version": "3.7"
        },
        "sources": [
            {
                "name": "pypi",
                "url": "https://pypi.org/simple",
                "verify_ssl": true
            }
        ]
    },
    "default": {
        "brotli": {
            "hashes": [
                "sha256:160c78292e98d21e73a4cc7f76a234390e516afcd982fa17e1422f7c6a9ce9c8",
                "sha256:16d528a45c2e1909c2798f27f7bf0a3feec1dc9e50948e738b961618e38b6a7b",
                "sha256:1c48472a6ba3b113452355b9af0a60da5c2ae60477f8feda8346f8fd48e3e87c",
                "sha256:268fe94547ba25b58ebc724680609c8ee3e5a843202e9a381f6f9c5e8bdb5c70",
                "sha256:269a5743a393c65db46a7bb982644c67ecba4b8d91b392403ad8a861ba6f495f",
                "sha256:35a3edbe18e876e596553c4007a087f8bcfd538f19bc116917b3c7522fca0429",
                "sha256:3b78a24b5fd13c03ee2b7b86290ed20efdc95da75a3557cc06811764d5ad1126",
                "sha256:40d15c79f42e0a2c72892bf407979febd9cf91f36f495ffb333d1d04cebb34e4",
                "sha256:4d1b810aa0ed773f81dceda2cc7b403d01057458730e309856356d4ef4188438",
                "sha256:503fa6af7da9f4b5780bb7e4cbe0c639b010f12be85d02c99452825dd0feef3f",
                "sha256:56d027eace784738457437df7331965473f2c0da2c70e1a1f6fdbae5402e0389",
                "sha256:5913a1177fc36e30fcf6dc868ce23b0453952c78c04c266d3149b3d39e1410d6",
                "sha256:5b6ef7d9f9c38292df3690fe3e302b5b530999fa90014853dcd0d6902fb59f26",
                "sha256:5cb1e18167792d7d21e21365d7650b72d5081ed476123ff7b8cac7f45189c0c7",
                "sha256:61a7ee1f13ab913897dac7da44a73c6d44d48a4adff42a5701e3239791c96e14",
                "sha256:68715970f16b6e92c574c30747c95cf8cf62804569647386ff032195dc89a430",
                "sha256:6b2ae9f5f67f89aade1fab0f7fd8f2832501311c363a21579d02defa844d9296",
                "sha256:6c772d6c0a79ac0f414a9f8947cc407e119b8598de7621f39cacadae3cf57d12",
                "sha256:7cb81373984cc0e4682f31bc3d6be9026006d96eecd07ea49aafb06897746452",
                "sha256:88c63a1b55f352b02c6ffd24b15ead9fc0e8bf781dbe070213039324922a2eea",
                "sha256:93130612b837103e15ac3f9cbacb4613f9e348b58b3aad53721d92e57f96d46a",
                "sha256:97f715cf371b16ac88b8c19da00029804e20e25f30d80203417255d239f228b5",
                "sha256:9d12cf2851759b8de8ca5fde36a59c08210a97ffca0eb94c532ce7b17c6a3d1d",
                "sha256:afde17ae04d90fbe53afb628f7f2d4ca022797aa093e809de5c3cf276f61bbfa",
                "sha256:b663f1e02de5d0573610756398e44c130add0eb9a3fc912a09665332942a2efb",
                "sha256:c2415d9d082152460f2bd4e382a1e85aed233abc92db5a3880da2257dc7daf7b",
                "sha256:c83aa123d56f2e060644427a882a36b3c12db93727ad7a7b9efd7d7f3e9cc2c4",
                "sha256:db844eb158a87ccab83e868a762ea8024ae27337fc7ddcbfcddd157f841fdfe7",
                "sha256:defed7ea5f218a9f2336301e6fd379f55c655bea65ba2476346340a0ce6f74a1",
                "sha256:f909bbbc433048b499cb9db9e713b5d8d949e8c109a2a548502fb9aa8630f0b1"
            ],
            "version": "==1.0.9"
        },
        "category-encoders": {
            "hashes": [
                "sha256:3704d140d873c1325e68051ab2dce9663fd57c77fb1c368b9dc02e82e80c176a",
                "sha256:79651dc3e8cd6749bc5d404c49a79e93469016d106736326842305e076136cb0"
            ],
            "index": "pypi",
            "version": "==2.2.2"
        },
        "certifi": {
            "hashes": [
                "sha256:1a4995114262bffbc2413b159f2a1a480c969de6e6eb13ee966d470af86af59c",
                "sha256:719a74fb9e33b9bd44cc7f3a8d94bc35e4049deebe19ba7d8e108280cfd59830"
            ],
            "version": "==2020.12.5"
        },
        "chardet": {
            "hashes": [
                "sha256:84ab92ed1c4d4f16916e05906b6b75a6c0fb5db821cc65e70cbd64a3e2a5eaae",
                "sha256:fc323ffcaeaed0e0a02bf4d117757b98aed530d9ed4531e3e15460124c106691"
            ],
            "version": "==3.0.4"
        },
        "click": {
            "hashes": [
                "sha256:d2b5255c7c6349bc1bd1e59e08cd12acbbd63ce649f2588755783aa94dfb6b1a",
                "sha256:dacca89f4bfadd5de3d7489b7c8a566eee0d3676333fbb50030263894c38c0dc"
            ],
            "markers": "python_version >= '2.7' and python_version not in '3.0, 3.1, 3.2, 3.3, 3.4'",
            "version": "==7.1.2"
        },
        "dash": {
            "hashes": [
                "sha256:57e32410a4f0f9fef0cdcd61f801bd01738f343ad308fa51592859ef9bc5c5ad"
            ],
            "index": "pypi",
            "version": "==1.11.0"
        },
        "dash-bootstrap-components": {
            "hashes": [
                "sha256:93f9374304b4f768b66eb666ba19e625d940bb68a3c0edab4c8a1d21fa467ddb",
                "sha256:f155c0a7d4d253583e846461cdf18f95ce3a84add60b87613d00d04212ef717e"
            ],
            "index": "pypi",
            "version": "==0.11.0"
        },
        "dash-core-components": {
            "hashes": [
                "sha256:ea72f514d841caa1b42a1c6092d00c05cc63768916d33563e994114c1a022656"
            ],
            "version": "==1.9.1"
        },
        "dash-html-components": {
            "hashes": [
                "sha256:dafb54ae8ab601fffe50c74d72b32783dec2beea65fd1c7e7dd6a66e20e545ba"
            ],
            "version": "==1.0.3"
        },
        "dash-renderer": {
            "hashes": [
                "sha256:c56e57f0b55ff0d7bb0f4df71060879460b2d22387fe01394fa84f85c71f66ed"
            ],
            "version": "==1.4.0"
        },
        "dash-table": {
            "hashes": [
                "sha256:5ceabd434bc63a9d1aa5bf4f00b55d2e5342072e274f0ee6fc53bc58bef4c1c2"
            ],
            "version": "==4.6.2"
        },
        "flask": {
            "hashes": [
                "sha256:13f9f196f330c7c2c5d7a5cf91af894110ca0215ac051b5844701f2bfd934d52",
                "sha256:45eb5a6fd193d6cf7e0cf5d8a5b31f83d5faae0293695626f539a823e93b13f6"
            ],
            "index": "pypi",
            "version": "==1.1.1"
        },
        "flask-compress": {
            "hashes": [
                "sha256:c132590e7c948877a96d675c13cbfa64edec0faafa2381678dea6f36aa49a552",
                "sha256:fda1b8a834176c485c7018a4b9326599311afbaaa08a715771c1fd9021f871fa"
            ],
            "version": "==1.8.0"
        },
        "future": {
            "hashes": [
                "sha256:b1bead90b70cf6ec3f0710ae53a525360fa360d306a86583adc6bf83a4db537d"
            ],
            "markers": "python_version >= '2.6' and python_version not in '3.0, 3.1, 3.2'",
            "version": "==0.18.2"
        },
        "gunicorn": {
            "hashes": [
                "sha256:1904bb2b8a43658807108d59c3f3d56c2b6121a701161de0ddf9ad140073c626",
                "sha256:cd4a810dd51bf497552cf3f863b575dabd73d6ad6a91075b65936b151cbf4f9c"
            ],
            "index": "pypi",
            "version": "==20.0.4"
        },
        "idna": {
            "hashes": [
                "sha256:b307872f855b18632ce0c21c5e45be78c0ea7ae4c15c828c20788b26921eb3f6",
                "sha256:b97d804b1e9b523befed77c48dacec60e6dcb0b5391d57af6a65a312a90648c0"
            ],
            "markers": "python_version >= '2.7' and python_version not in '3.0, 3.1, 3.2, 3.3'",
            "version": "==2.10"
        },
        "itsdangerous": {
            "hashes": [
                "sha256:321b033d07f2a4136d3ec762eac9f16a10ccd60f53c0c91af90217ace7ba1f19",
                "sha256:b12271b2047cb23eeb98c8b5622e2e5c5e9abd9784a153e9d8ef9cb4dd09d749"
            ],
            "markers": "python_version >= '2.7' and python_version not in '3.0, 3.1, 3.2, 3.3'",
            "version": "==1.1.0"
        },
        "jinja2": {
            "hashes": [
                "sha256:89aab215427ef59c34ad58735269eb58b1a5808103067f7bb9d5836c651b3bb0",
                "sha256:f0a4641d3cf955324a89c04f3d94663aa4d638abe8f733ecd3582848e1c37035"
            ],
            "markers": "python_version >= '2.7' and python_version not in '3.0, 3.1, 3.2, 3.3, 3.4'",
            "version": "==2.11.2"
        },
        "joblib": {
            "hashes": [
                "sha256:75ead23f13484a2a414874779d69ade40d4fa1abe62b222a23cd50d4bc822f6f",
                "sha256:7ad866067ac1fdec27d51c8678ea760601b70e32ff1881d4dc8e1171f2b64b24"
            ],
            "markers": "python_version >= '3.6'",
            "version": "==1.0.0"
        },
        "markupsafe": {
            "hashes": [
                "sha256:00bc623926325b26bb9605ae9eae8a215691f33cae5df11ca5424f06f2d1f473",
                "sha256:09027a7803a62ca78792ad89403b1b7a73a01c8cb65909cd876f7fcebd79b161",
                "sha256:09c4b7f37d6c648cb13f9230d847adf22f8171b1ccc4d5682398e77f40309235",
                "sha256:1027c282dad077d0bae18be6794e6b6b8c91d58ed8a8d89a89d59693b9131db5",
                "sha256:13d3144e1e340870b25e7b10b98d779608c02016d5184cfb9927a9f10c689f42",
                "sha256:24982cc2533820871eba85ba648cd53d8623687ff11cbb805be4ff7b4c971aff",
                "sha256:29872e92839765e546828bb7754a68c418d927cd064fd4708fab9fe9c8bb116b",
                "sha256:43a55c2930bbc139570ac2452adf3d70cdbb3cfe5912c71cdce1c2c6bbd9c5d1",
                "sha256:46c99d2de99945ec5cb54f23c8cd5689f6d7177305ebff350a58ce5f8de1669e",
                "sha256:500d4957e52ddc3351cabf489e79c91c17f6e0899158447047588650b5e69183",
                "sha256:535f6fc4d397c1563d08b88e485c3496cf5784e927af890fb3c3aac7f933ec66",
                "sha256:596510de112c685489095da617b5bcbbac7dd6384aeebeda4df6025d0256a81b",
                "sha256:62fe6c95e3ec8a7fad637b7f3d372c15ec1caa01ab47926cfdf7a75b40e0eac1",
                "sha256:6788b695d50a51edb699cb55e35487e430fa21f1ed838122d722e0ff0ac5ba15",
                "sha256:6dd73240d2af64df90aa7c4e7481e23825ea70af4b4922f8ede5b9e35f78a3b1",
                "sha256:717ba8fe3ae9cc0006d7c451f0bb265ee07739daf76355d06366154ee68d221e",
                "sha256:79855e1c5b8da654cf486b830bd42c06e8780cea587384cf6545b7d9ac013a0b",
                "sha256:7c1699dfe0cf8ff607dbdcc1e9b9af1755371f92a68f706051cc8c37d447c905",
                "sha256:88e5fcfb52ee7b911e8bb6d6aa2fd21fbecc674eadd44118a9cc3863f938e735",
                "sha256:8defac2f2ccd6805ebf65f5eeb132adcf2ab57aa11fdf4c0dd5169a004710e7d",
                "sha256:98c7086708b163d425c67c7a91bad6e466bb99d797aa64f965e9d25c12111a5e",
                "sha256:9add70b36c5666a2ed02b43b335fe19002ee5235efd4b8a89bfcf9005bebac0d",
                "sha256:9bf40443012702a1d2070043cb6291650a0841ece432556f784f004937f0f32c",
                "sha256:ade5e387d2ad0d7ebf59146cc00c8044acbd863725f887353a10df825fc8ae21",
                "sha256:b00c1de48212e4cc9603895652c5c410df699856a2853135b3967591e4beebc2",
                "sha256:b1282f8c00509d99fef04d8ba936b156d419be841854fe901d8ae224c59f0be5",
                "sha256:b2051432115498d3562c084a49bba65d97cf251f5a331c64a12ee7e04dacc51b",
                "sha256:ba59edeaa2fc6114428f1637ffff42da1e311e29382d81b339c1817d37ec93c6",
                "sha256:c8716a48d94b06bb3b2524c2b77e055fb313aeb4ea620c8dd03a105574ba704f",
                "sha256:cd5df75523866410809ca100dc9681e301e3c27567cf498077e8551b6d20e42f",
                "sha256:cdb132fc825c38e1aeec2c8aa9338310d29d337bebbd7baa06889d09a60a1fa2",
                "sha256:e249096428b3ae81b08327a63a485ad0878de3fb939049038579ac0ef61e17e7",
                "sha256:e8313f01ba26fbbe36c7be1966a7b7424942f670f38e666995b88d012765b9be"
            ],
            "markers": "python_version >= '2.7' and python_version not in '3.0, 3.1, 3.2, 3.3'",
            "version": "==1.1.1"
        },
        "numpy": {
            "hashes": [
                "sha256:0aa2b318cf81eb1693fcfcbb8007e95e231d7e1aa24288137f3b19905736c3ee",
                "sha256:163c78c04f47f26ca1b21068cea25ed7c5ecafe5f5ab2ea4895656a750582b56",
                "sha256:1e37626bcb8895c4b3873fcfd54e9bfc5ffec8d0f525651d6985fcc5c6b6003c",
                "sha256:264fd15590b3f02a1fbc095e7e1f37cdac698ff3829e12ffdcffdce3772f9d44",
                "sha256:3d9e1554cd9b5999070c467b18e5ae3ebd7369f02706a8850816f576a954295f",
                "sha256:40c24960cd5cec55222963f255858a1c47c6fa50a65a5b03fd7de75e3700eaaa",
                "sha256:46f404314dbec78cb342904f9596f25f9b16e7cf304030f1339e553c8e77f51c",
                "sha256:4847f0c993298b82fad809ea2916d857d0073dc17b0510fbbced663b3265929d",
                "sha256:48e15612a8357393d176638c8f68a19273676877caea983f8baf188bad430379",
                "sha256:6725d2797c65598778409aba8cd67077bb089d5b7d3d87c2719b206dc84ec05e",
                "sha256:99f0ba97e369f02a21bb95faa3a0de55991fd5f0ece2e30a9e2eaebeac238921",
                "sha256:a41f303b3f9157a31ce7203e3ca757a0c40c96669e72d9b6ee1bce8507638970",
                "sha256:a4305564e93f5c4584f6758149fd446df39fd1e0a8c89ca0deb3cce56106a027",
                "sha256:a551d8cc267c634774830086da42e4ba157fa41dd3b93982bc9501b284b0c689",
                "sha256:a6bc9432c2640b008d5f29bad737714eb3e14bb8854878eacf3d7955c4e91c36",
                "sha256:c60175d011a2e551a2f74c84e21e7c982489b96b6a5e4b030ecdeacf2914da68",
                "sha256:e46e2384209c91996d5ec16744234d1c906ab79a701ce1a26155c9ec890b8dc8",
                "sha256:e607b8cdc2ae5d5a63cd1bec30a15b5ed583ac6a39f04b7ba0f03fcfbf29c05b",
                "sha256:e94a39d5c40fffe7696009dbd11bc14a349b377e03a384ed011e03d698787dd3",
                "sha256:eb2286249ebfe8fcb5b425e5ec77e4736d53ee56d3ad296f8947f67150f495e3",
                "sha256:fdee7540d12519865b423af411bd60ddb513d2eb2cd921149b732854995bbf8b"
            ],
            "index": "pypi",
            "version": "==1.18.3"
        },
        "pandas": {
            "hashes": [
                "sha256:07c1b58936b80eafdfe694ce964ac21567b80a48d972879a359b3ebb2ea76835",
                "sha256:0ebe327fb088df4d06145227a4aa0998e4f80a9e6aed4b61c1f303bdfdf7c722",
                "sha256:11c7cb654cd3a0e9c54d81761b5920cdc86b373510d829461d8f2ed6d5905266",
                "sha256:12f492dd840e9db1688126216706aa2d1fcd3f4df68a195f9479272d50054645",
                "sha256:167a1315367cea6ec6a5e11e791d9604f8e03f95b57ad227409de35cf850c9c5",
                "sha256:1a7c56f1df8d5ad8571fa251b864231f26b47b59cbe41aa5c0983d17dbb7a8e4",
                "sha256:1fa4bae1a6784aa550a1c9e168422798104a85bf9c77a1063ea77ee6f8452e3a",
                "sha256:32f42e322fb903d0e189a4c10b75ba70d90958cc4f66a1781ed027f1a1d14586",
                "sha256:387dc7b3c0424327fe3218f81e05fc27832772a5dffbed385013161be58df90b",
                "sha256:6597df07ea361231e60c00692d8a8099b519ed741c04e65821e632bc9ccb924c",
                "sha256:743bba36e99d4440403beb45a6f4f3a667c090c00394c176092b0b910666189b",
                "sha256:858a0d890d957ae62338624e4aeaf1de436dba2c2c0772570a686eaca8b4fc85",
                "sha256:863c3e4b7ae550749a0bb77fa22e601a36df9d2905afef34a6965bed092ba9e5",
                "sha256:a210c91a02ec5ff05617a298ad6f137b9f6f5771bf31f2d6b6367d7f71486639",
                "sha256:ca84a44cf727f211752e91eab2d1c6c1ab0f0540d5636a8382a3af428542826e",
                "sha256:d234bcf669e8b4d6cbcd99e3ce7a8918414520aeb113e2a81aeb02d0a533d7f7"
            ],
            "index": "pypi",
            "version": "==1.0.3"
        },
        "patsy": {
            "hashes": [
                "sha256:5465be1c0e670c3a965355ec09e9a502bf2c4cbe4875e8528b0221190a8a5d40",
                "sha256:f115cec4201e1465cd58b9866b0b0e7b941caafec129869057405bfe5b5e3991"
            ],
            "version": "==0.5.1"
        },
        "plotly": {
            "hashes": [
                "sha256:61f34955f04201a1ebcd59feaafa7eae7c16ef9b3f439870be01fb85a949292f",
                "sha256:ac0ca0854350bfcd833f3a8eb08aa50e184660502bb46fe907701f896ff349bd"
            ],
            "index": "pypi",
            "version": "==4.6.0"
        },
        "plotly-express": {
            "hashes": [
                "sha256:5f112922b0a6225dc7c010e3b86295a74449e3eac6cac8faa95175e99b7698ce",
                "sha256:ff73a41ce02fb43d1d8e8fa131ef3e6589857349ca216b941b8f3f862bce0278"
            ],
            "index": "pypi",
            "version": "==0.4.1"
        },
        "python-dateutil": {
            "hashes": [
                "sha256:73ebfe9dbf22e832286dafa60473e4cd239f8592f699aa5adaf10050e6e1823c",
                "sha256:75bb3f31ea686f1197762692a9ee6a7550b59fc6ca3a1f4b5d7e32fb98e2da2a"
            ],
            "markers": "python_version >= '2.7' and python_version not in '3.0, 3.1, 3.2'",
            "version": "==2.8.1"
        },
        "python-dotenv": {
            "hashes": [
                "sha256:0c8d1b80d1a1e91717ea7d526178e3882732420b03f08afea0406db6402e220e",
                "sha256:587825ed60b1711daea4832cf37524dfd404325b7db5e25ebe88c495c9f807a0"
            ],
            "index": "pypi",
            "version": "==0.15.0"
        },
        "pytz": {
            "hashes": [
                "sha256:3e6b7dd2d1e0a59084bcee14a17af60c5c562cdc16d828e8eba2e683d3a7e268",
                "sha256:5c55e189b682d420be27c6995ba6edce0c0a77dd67bfbe2ae6607134d5851ffd"
            ],
            "version": "==2020.4"
        },
        "requests": {
            "hashes": [
                "sha256:7f1a0b932f4a60a1a65caa4263921bb7d9ee911957e0ae4a23a6dd08185ad5f8",
                "sha256:e786fa28d8c9154e6a4de5d46a1d921b8749f8b74e28bde23768e5e16eece998"
            ],
            "index": "pypi",
            "version": "==2.25.0"
        },
        "retrying": {
            "hashes": [
                "sha256:08c039560a6da2fe4f2c426d0766e284d3b736e355f8dd24b37367b0bb41973b"
            ],
            "version": "==1.3.3"
        },
        "scikit-learn": {
            "hashes": [
                "sha256:045702fc87c7c022daac10e52f8cea355e28c7ecacf142820f49605f956d0fca",
                "sha256:13cdde64430bb48c8ac7a36244f3b4b2ddded8d3b207af317e460a593f566c69",
                "sha256:1527c8a7ab2cbd0fe27801eb3bcd5df30646f4b22b7eb445eff69096ed35bd6f",
                "sha256:1931bd555497cc98a919bfc25a29c100a539f708e424f4389bb414402b777079",
                "sha256:2019a7a1c27a013cf5ecea4e784f1f1cbdb978907baa888e5015fa9ed1d992e6",
                "sha256:3e726678a175ff0ddeb841297893881fdb6c0e9263a9e340dca0c7bc71b4311f",
                "sha256:5cd163b69d0f7f0ea6405dcb4eb9c96d40dc2a4798c9aef6a607482d0cc6e9d0",
                "sha256:6caaa33e9ce65bd949efdb1cd6b6b225ae79c85f84d725fc9e47063e7c024567",
                "sha256:af7649de54d3a5bf7dbc79430fb6ecb5c983c9d1521012800cd06276bc82062a",
                "sha256:bc8b37ca0de794838376cffddab69a46a9a54c4330800ea1f93cab61ca67dfa3",
                "sha256:c3be9ec4ec1af862864b9ffc9ec429de9fa28119e9fb88c542fefce8e31cadd3",
                "sha256:c54086447dafc62a2c8887abe48d048ba34e17f34b6ad6199c250a29e016c8b7",
                "sha256:e6994e41e6df39ea4603b00e0b328689bbcdee53b50a18fce5e4451949064fd1",
                "sha256:f18a243c52d38f192e21b82e6147bfc2ddfeddb172c109530f68100c21b8c606",
                "sha256:f827963b0fc5c08152a4f2c32a91b9ba63254f395420a10a731b9d1b0c2977f8"
            ],
            "index": "pypi",
            "version": "==0.22.2"
        },
        "scipy": {
            "hashes": [
                "sha256:168c45c0c32e23f613db7c9e4e780bc61982d71dcd406ead746c7c7c2f2004ce",
                "sha256:213bc59191da2f479984ad4ec39406bf949a99aba70e9237b916ce7547b6ef42",
                "sha256:25b241034215247481f53355e05f9e25462682b13bd9191359075682adcd9554",
                "sha256:2c872de0c69ed20fb1a9b9cf6f77298b04a26f0b8720a5457be08be254366c6e",
                "sha256:3397c129b479846d7eaa18f999369a24322d008fac0782e7828fa567358c36ce",
                "sha256:368c0f69f93186309e1b4beb8e26d51dd6f5010b79264c0f1e9ca00cd92ea8c9",
                "sha256:3d5db5d815370c28d938cf9b0809dade4acf7aba57eaf7ef733bfedc9b2474c4",
                "sha256:4598cf03136067000855d6b44d7a1f4f46994164bcd450fb2c3d481afc25dd06",
                "sha256:4a453d5e5689de62e5d38edf40af3f17560bfd63c9c5bd228c18c1f99afa155b",
                "sha256:4f12d13ffbc16e988fa40809cbbd7a8b45bc05ff6ea0ba8e3e41f6f4db3a9e47",
                "sha256:634568a3018bc16a83cda28d4f7aed0d803dd5618facb36e977e53b2df868443",
                "sha256:65923bc3809524e46fb7eb4d6346552cbb6a1ffc41be748535aa502a2e3d3389",
                "sha256:6b0ceb23560f46dd236a8ad4378fc40bad1783e997604ba845e131d6c680963e",
                "sha256:8c8d6ca19c8497344b810b0b0344f8375af5f6bb9c98bd42e33f747417ab3f57",
                "sha256:9ad4fcddcbf5dc67619379782e6aeef41218a79e17979aaed01ed099876c0e62",
                "sha256:a254b98dbcc744c723a838c03b74a8a34c0558c9ac5c86d5561703362231107d",
                "sha256:b03c4338d6d3d299e8ca494194c0ae4f611548da59e3c038813f1a43976cb437",
                "sha256:cc1f78ebc982cd0602c9a7615d878396bec94908db67d4ecddca864d049112f2",
                "sha256:d6d25c41a009e3c6b7e757338948d0076ee1dd1770d1c09ec131f11946883c54",
                "sha256:d84cadd7d7998433334c99fa55bcba0d8b4aeff0edb123b2a1dfcface538e474",
                "sha256:e360cb2299028d0b0d0f65a5c5e51fc16a335f1603aa2357c25766c8dab56938",
                "sha256:e98d49a5717369d8241d6cf33ecb0ca72deee392414118198a8e5b4c35c56340",
                "sha256:ed572470af2438b526ea574ff8f05e7f39b44ac37f712105e57fc4d53a6fb660",
                "sha256:f87b39f4d69cf7d7529d7b1098cb712033b17ea7714aed831b95628f483fd012",
                "sha256:fa789583fc94a7689b45834453fec095245c7e69c58561dc159b5d5277057e4c"
            ],
            "markers": "python_version >= '3.6'",
            "version": "==1.5.4"
        },
        "six": {
            "hashes": [
                "sha256:30639c035cdb23534cd4aa2dd52c3bf48f06e5f4a941509c8bafd8ce11080259",
                "sha256:8b74bedcbbbaca38ff6d7491d76f2b06b3592611af620f8426e82dddb04a5ced"
            ],
            "markers": "python_version >= '2.7' and python_version not in '3.0, 3.1, 3.2'",
            "version": "==1.15.0"
        },
        "statsmodels": {
            "hashes": [
                "sha256:02e95c567ac77834210ecbe96a64eb939fc42669f95d583ac6184b00830db743",
                "sha256:1e3ae5671cae0da8f94ce5e9331fc9880fe6210ffd5750ac961f84203d262763",
                "sha256:434240abd14f4998ec6350473cd105e9977e930635ecf7e352d641d729dbc2a2",
                "sha256:47e0f27fe515fae06240a1f1dbcdce8b93417ea294b4965335f538627f711b10",
                "sha256:49aa8ffbe0b0e2e86afa58dec6bd5c483898e9b8223d8a7d13b69b5ad144b674",
                "sha256:59403da80bdba84713d93f36897fba4fd3b2964a1b983816ed488a405abc18b1",
                "sha256:5bde3fa0a35a91b45dba7cbc28270b5b649ff1d721c89290883f6e831672d5f0",
                "sha256:5e7afc596164c1c7464ba3943721a9668aa0ce07853ce9881ac49d3a043784dd",
                "sha256:621f2ec00ff8a4749cef3c9cc11c12ac2ee549ecf3ccfde626b3f1461165f0e6",
                "sha256:6243bc78bc805acee7690098fa749094895bb3c2dd0b7f7ac8d57f97fe2b1eb2",
                "sha256:6371267d051b555898611913afa4a46144e9d29a234ef32c2e36e558e88a8de9",
                "sha256:67e1a5d9fc6900209203cd446b2ed6822eb4b03581dea669c4fe97f512cfde36",
                "sha256:6e7e2cb74d8ae56cffc0581f3467cdcd16d8f7e97297974cefdf0d727020c287",
                "sha256:92536c3579a6c7fbdaeb1c026781a17d4760e4b76ca861eaae05b2a43309dca5",
                "sha256:9efd2e27c08077330cecdbfb589cf84d735abface94e9a6387282a6a7c91362d",
                "sha256:a4fcb03d2a5d0f37d0ecb38f6d9d10a3ab6f9e2e583c3be4d4615484d5d10e88",
                "sha256:b9b9cb6ced4f9b644cfd0b6a9d4a88e406c643dba4f2ad61e22d03ee48bc7731",
                "sha256:bce1e6b94ade985a8319621c9ea4f7e312ed8cfcb5d93ab0cb0013c58b98680c",
                "sha256:e728156ae279f05574ef9e840ec57f44c96c85ba14010169e9b4e1085d89642f",
                "sha256:f2ac0559d6ef824d5a47576f572de62b0f088ef4f912dd40298ee9ab20d3ef9b",
                "sha256:f5e4928e230332260cb55458953dbbae6a63356f91d3242c7ba2d17dc6c4bd7f"
            ],
            "index": "pypi",
            "version": "==0.11.1"
        },
        "urllib3": {
            "hashes": [
                "sha256:19188f96923873c92ccb987120ec4acaa12f0461fa9ce5d3d0772bc965a39e08",
                "sha256:d8ff90d979214d7b4f8ce956e80f4028fc6860e4431f731ea4a8c08f23f99473"
            ],
            "markers": "python_version >= '2.7' and python_version not in '3.0, 3.1, 3.2, 3.3, 3.4' and python_version < '4'",
            "version": "==1.26.2"
        },
        "websocket-client": {
            "hashes": [
                "sha256:0fc45c961324d79c781bab301359d5a1b00b13ad1b10415a4780229ef71a5549",
                "sha256:d735b91d6d1692a6a181f2a8c9e0238e5f6373356f561bb9dc4c7af36f452010"
            ],
            "index": "pypi",
            "version": "==0.57.0"
        },
        "werkzeug": {
            "hashes": [
                "sha256:2de2a5db0baeae7b2d2664949077c2ac63fbd16d98da0ff71837f7d1dea3fd43",
                "sha256:6c80b1e5ad3665290ea39320b91e1be1e0d5f60652b964a3070216de83d2e47c"
            ],
            "markers": "python_version >= '2.7' and python_version not in '3.0, 3.1, 3.2, 3.3, 3.4'",
            "version": "==1.0.1"
        }
    },
    "develop": {
        "appdirs": {
            "hashes": [
                "sha256:7d5d0167b2b1ba821647616af46a749d1c653740dd0d2415100fe26e27afdf41",
                "sha256:a841dacd6b99318a741b166adb07e19ee71a274450e68237b4650ca1055ab128"
            ],
            "version": "==1.4.4"
        },
        "atomicwrites": {
            "hashes": [
                "sha256:6d1784dea7c0c8d4a5172b6c620f40b6e4cbfdf96d783691f2e1302a7b88e197",
                "sha256:ae70396ad1a434f9c7046fd2dd196fc04b12f9e91ffb859164193be8b6168a7a"
            ],
            "markers": "sys_platform == 'win32'",
            "version": "==1.4.0"
        },
        "attrs": {
            "hashes": [
                "sha256:31b2eced602aa8423c2aea9c76a724617ed67cf9513173fd3a4f03e3a929c7e6",
                "sha256:832aa3cde19744e49938b91fea06d69ecb9e649c93ba974535d08ad92164f700"
            ],
            "markers": "python_version >= '2.7' and python_version not in '3.0, 3.1, 3.2, 3.3'",
            "version": "==20.3.0"
        },
        "black": {
            "hashes": [
                "sha256:1c02557aa099101b9d21496f8a914e9ed2222ef70336404eeeac8edba836fbea"
            ],
            "index": "pypi",
            "version": "==20.8b1"
        },
        "certifi": {
            "hashes": [
                "sha256:1a4995114262bffbc2413b159f2a1a480c969de6e6eb13ee966d470af86af59c",
                "sha256:719a74fb9e33b9bd44cc7f3a8d94bc35e4049deebe19ba7d8e108280cfd59830"
            ],
            "version": "==2020.12.5"
        },
        "chardet": {
            "hashes": [
                "sha256:84ab92ed1c4d4f16916e05906b6b75a6c0fb5db821cc65e70cbd64a3e2a5eaae",
                "sha256:fc323ffcaeaed0e0a02bf4d117757b98aed530d9ed4531e3e15460124c106691"
            ],
            "version": "==3.0.4"
        },
        "click": {
            "hashes": [
                "sha256:d2b5255c7c6349bc1bd1e59e08cd12acbbd63ce649f2588755783aa94dfb6b1a",
                "sha256:dacca89f4bfadd5de3d7489b7c8a566eee0d3676333fbb50030263894c38c0dc"
            ],
            "markers": "python_version >= '2.7' and python_version not in '3.0, 3.1, 3.2, 3.3, 3.4'",
            "version": "==7.1.2"
        },
        "colorama": {
            "hashes": [
                "sha256:5941b2b48a20143d2267e95b1c2a7603ce057ee39fd88e7329b0c292aa16869b",
                "sha256:9f47eda37229f68eee03b24b9748937c7dc3868f906e8ba69fbcbdd3bc5dc3e2"
            ],
            "markers": "sys_platform == 'win32'",
            "version": "==0.4.4"
        },
        "coverage": {
            "hashes": [
                "sha256:0203acd33d2298e19b57451ebb0bed0ab0c602e5cf5a818591b4918b1f97d516",
                "sha256:0f313707cdecd5cd3e217fc68c78a960b616604b559e9ea60cc16795c4304259",
                "sha256:1c6703094c81fa55b816f5ae542c6ffc625fec769f22b053adb42ad712d086c9",
                "sha256:1d44bb3a652fed01f1f2c10d5477956116e9b391320c94d36c6bf13b088a1097",
                "sha256:280baa8ec489c4f542f8940f9c4c2181f0306a8ee1a54eceba071a449fb870a0",
                "sha256:29a6272fec10623fcbe158fdf9abc7a5fa032048ac1d8631f14b50fbfc10d17f",
                "sha256:2b31f46bf7b31e6aa690d4c7a3d51bb262438c6dcb0d528adde446531d0d3bb7",
                "sha256:2d43af2be93ffbad25dd959899b5b809618a496926146ce98ee0b23683f8c51c",
                "sha256:381ead10b9b9af5f64646cd27107fb27b614ee7040bb1226f9c07ba96625cbb5",
                "sha256:47a11bdbd8ada9b7ee628596f9d97fbd3851bd9999d398e9436bd67376dbece7",
                "sha256:4d6a42744139a7fa5b46a264874a781e8694bb32f1d76d8137b68138686f1729",
                "sha256:50691e744714856f03a86df3e2bff847c2acede4c191f9a1da38f088df342978",
                "sha256:530cc8aaf11cc2ac7430f3614b04645662ef20c348dce4167c22d99bec3480e9",
                "sha256:582ddfbe712025448206a5bc45855d16c2e491c2dd102ee9a2841418ac1c629f",
                "sha256:63808c30b41f3bbf65e29f7280bf793c79f54fb807057de7e5238ffc7cc4d7b9",
                "sha256:71b69bd716698fa62cd97137d6f2fdf49f534decb23a2c6fc80813e8b7be6822",
                "sha256:7858847f2d84bf6e64c7f66498e851c54de8ea06a6f96a32a1d192d846734418",
                "sha256:78e93cc3571fd928a39c0b26767c986188a4118edc67bc0695bc7a284da22e82",
                "sha256:7f43286f13d91a34fadf61ae252a51a130223c52bfefb50310d5b2deb062cf0f",
                "sha256:86e9f8cd4b0cdd57b4ae71a9c186717daa4c5a99f3238a8723f416256e0b064d",
                "sha256:8f264ba2701b8c9f815b272ad568d555ef98dfe1576802ab3149c3629a9f2221",
                "sha256:9342dd70a1e151684727c9c91ea003b2fb33523bf19385d4554f7897ca0141d4",
                "sha256:9361de40701666b034c59ad9e317bae95c973b9ff92513dd0eced11c6adf2e21",
                "sha256:9669179786254a2e7e57f0ecf224e978471491d660aaca833f845b72a2df3709",
                "sha256:aac1ba0a253e17889550ddb1b60a2063f7474155465577caa2a3b131224cfd54",
                "sha256:aef72eae10b5e3116bac6957de1df4d75909fc76d1499a53fb6387434b6bcd8d",
                "sha256:bd3166bb3b111e76a4f8e2980fa1addf2920a4ca9b2b8ca36a3bc3dedc618270",
                "sha256:c1b78fb9700fc961f53386ad2fd86d87091e06ede5d118b8a50dea285a071c24",
                "sha256:c3888a051226e676e383de03bf49eb633cd39fc829516e5334e69b8d81aae751",
                "sha256:c5f17ad25d2c1286436761b462e22b5020d83316f8e8fcb5deb2b3151f8f1d3a",
                "sha256:c851b35fc078389bc16b915a0a7c1d5923e12e2c5aeec58c52f4aa8085ac8237",
                "sha256:cb7df71de0af56000115eafd000b867d1261f786b5eebd88a0ca6360cccfaca7",
                "sha256:cedb2f9e1f990918ea061f28a0f0077a07702e3819602d3507e2ff98c8d20636",
                "sha256:e8caf961e1b1a945db76f1b5fa9c91498d15f545ac0ababbe575cfab185d3bd8"
            ],
            "index": "pypi",
            "version": "==5.3"
        },
        "coveralls": {
            "hashes": [
                "sha256:2301a19500b06649d2ec4f2858f9c69638d7699a4c63027c5d53daba666147cc",
                "sha256:b990ba1f7bc4288e63340be0433698c1efe8217f78c689d254c2540af3d38617"
            ],
            "index": "pypi",
            "version": "==2.2.0"
        },
        "docopt": {
            "hashes": [
                "sha256:49b3a825280bd66b3aa83585ef59c4a8c82f2c8a522dbe754a8bc8d08c85c491"
            ],
            "version": "==0.6.2"
        },
        "flake8": {
            "hashes": [
                "sha256:749dbbd6bfd0cf1318af27bf97a14e28e5ff548ef8e5b1566ccfb25a11e7c839",
                "sha256:aadae8761ec651813c24be05c6f7b4680857ef6afaae4651a4eccaef97ce6c3b"
            ],
            "index": "pypi",
            "version": "==3.8.4"
        },
        "idna": {
            "hashes": [
                "sha256:b307872f855b18632ce0c21c5e45be78c0ea7ae4c15c828c20788b26921eb3f6",
                "sha256:b97d804b1e9b523befed77c48dacec60e6dcb0b5391d57af6a65a312a90648c0"
            ],
            "markers": "python_version >= '2.7' and python_version not in '3.0, 3.1, 3.2, 3.3'",
            "version": "==2.10"
        },
        "importlib-metadata": {
            "hashes": [
                "sha256:5c5a2720817414a6c41f0a49993908068243ae02c1635a228126519b509c8aed",
                "sha256:bf792d480abbd5eda85794e4afb09dd538393f7d6e6ffef6e9f03d2014cf9450"
            ],
            "markers": "python_version < '3.8' and python_version < '3.8'",
            "version": "==3.3.0"
        },
        "iniconfig": {
            "hashes": [
                "sha256:011e24c64b7f47f6ebd835bb12a743f2fbe9a26d4cecaa7f53bc4f35ee9da8b3",
                "sha256:bc3af051d7d14b2ee5ef9969666def0cd1a000e121eaea580d4a313df4b37f32"
            ],
            "version": "==1.1.1"
        },
        "mccabe": {
            "hashes": [
                "sha256:ab8a6258860da4b6677da4bd2fe5dc2c659cff31b3ee4f7f5d64e79735b80d42",
                "sha256:dd8d182285a0fe56bace7f45b5e7d1a6ebcbf524e8f3bd87eb0f125271b8831f"
            ],
            "version": "==0.6.1"
        },
        "mypy-extensions": {
            "hashes": [
                "sha256:090fedd75945a69ae91ce1303b5824f428daf5a028d2f6ab8a299250a846f15d",
                "sha256:2d82818f5bb3e369420cb3c4060a7970edba416647068eb4c5343488a6c604a8"
            ],
            "version": "==0.4.3"
        },
        "packaging": {
            "hashes": [
                "sha256:24e0da08660a87484d1602c30bb4902d74816b6985b93de36926f5bc95741858",
                "sha256:78598185a7008a470d64526a8059de9aaa449238f280fc9eb6b13ba6c4109093"
            ],
            "markers": "python_version >= '2.7' and python_version not in '3.0, 3.1, 3.2, 3.3'",
            "version": "==20.8"
        },
        "pathspec": {
            "hashes": [
                "sha256:86379d6b86d75816baba717e64b1a3a3469deb93bb76d613c9ce79edc5cb68fd",
                "sha256:aa0cb481c4041bf52ffa7b0d8fa6cd3e88a2ca4879c533c9153882ee2556790d"
            ],
            "version": "==0.8.1"
        },
        "pluggy": {
            "hashes": [
                "sha256:15b2acde666561e1298d71b523007ed7364de07029219b604cf808bfa1c765b0",
                "sha256:966c145cd83c96502c3c3868f50408687b38434af77734af1e9ca461a4081d2d"
            ],
            "markers": "python_version >= '2.7' and python_version not in '3.0, 3.1, 3.2, 3.3'",
            "version": "==0.13.1"
        },
        "py": {
            "hashes": [
                "sha256:21b81bda15b66ef5e1a777a21c4dcd9c20ad3efd0b3f817e7a809035269e1bd3",
                "sha256:3b80836aa6d1feeaa108e046da6423ab8f6ceda6468545ae8d02d9d58d18818a"
            ],
            "markers": "python_version >= '2.7' and python_version not in '3.0, 3.1, 3.2, 3.3'",
            "version": "==1.10.0"
        },
        "pycodestyle": {
            "hashes": [
                "sha256:2295e7b2f6b5bd100585ebcb1f616591b652db8a741695b3d8f5d28bdc934367",
                "sha256:c58a7d2815e0e8d7972bf1803331fb0152f867bd89adf8a01dfd55085434192e"
            ],
            "markers": "python_version >= '2.7' and python_version not in '3.0, 3.1, 3.2, 3.3'",
            "version": "==2.6.0"
        },
        "pyflakes": {
            "hashes": [
                "sha256:0d94e0e05a19e57a99444b6ddcf9a6eb2e5c68d3ca1e98e90707af8152c90a92",
                "sha256:35b2d75ee967ea93b55750aa9edbbf72813e06a66ba54438df2cfac9e3c27fc8"
            ],
            "markers": "python_version >= '2.7' and python_version not in '3.0, 3.1, 3.2, 3.3'",
            "version": "==2.2.0"
        },
        "pyparsing": {
            "hashes": [
                "sha256:c203ec8783bf771a155b207279b9bccb8dea02d8f0c9e5f8ead507bc3246ecc1",
                "sha256:ef9d7589ef3c200abe66653d3f1ab1033c3c419ae9b9bdb1240a85b024efc88b"
            ],
            "markers": "python_version >= '2.6' and python_version not in '3.0, 3.1, 3.2'",
            "version": "==2.4.7"
        },
        "pytest": {
            "hashes": [
                "sha256:b12e09409c5bdedc28d308469e156127004a436b41e9b44f9bff6446cbab9152",
                "sha256:d69e1a80b34fe4d596c9142f35d9e523d98a2838976f1a68419a8f051b24cec6"
            ],
            "index": "pypi",
            "version": "==6.2.0"
        },
        "regex": {
            "hashes": [
                "sha256:02951b7dacb123d8ea6da44fe45ddd084aa6777d4b2454fa0da61d569c6fa538",
                "sha256:0d08e71e70c0237883d0bef12cad5145b84c3705e9c6a588b2a9c7080e5af2a4",
                "sha256:1862a9d9194fae76a7aaf0150d5f2a8ec1da89e8b55890b1786b8f88a0f619dc",
                "sha256:1ab79fcb02b930de09c76d024d279686ec5d532eb814fd0ed1e0051eb8bd2daa",
                "sha256:1fa7ee9c2a0e30405e21031d07d7ba8617bc590d391adfc2b7f1e8b99f46f444",
                "sha256:262c6825b309e6485ec2493ffc7e62a13cf13fb2a8b6d212f72bd53ad34118f1",
                "sha256:2a11a3e90bd9901d70a5b31d7dd85114755a581a5da3fc996abfefa48aee78af",
                "sha256:2c99e97d388cd0a8d30f7c514d67887d8021541b875baf09791a3baad48bb4f8",
                "sha256:3128e30d83f2e70b0bed9b2a34e92707d0877e460b402faca908c6667092ada9",
                "sha256:38c8fd190db64f513fe4e1baa59fed086ae71fa45083b6936b52d34df8f86a88",
                "sha256:3bddc701bdd1efa0d5264d2649588cbfda549b2899dc8d50417e47a82e1387ba",
                "sha256:4902e6aa086cbb224241adbc2f06235927d5cdacffb2425c73e6570e8d862364",
                "sha256:49cae022fa13f09be91b2c880e58e14b6da5d10639ed45ca69b85faf039f7a4e",
                "sha256:56e01daca75eae420bce184edd8bb341c8eebb19dd3bce7266332258f9fb9dd7",
                "sha256:5862975b45d451b6db51c2e654990c1820523a5b07100fc6903e9c86575202a0",
                "sha256:6a8ce43923c518c24a2579fda49f093f1397dad5d18346211e46f134fc624e31",
                "sha256:6c54ce4b5d61a7129bad5c5dc279e222afd00e721bf92f9ef09e4fae28755683",
                "sha256:6e4b08c6f8daca7d8f07c8d24e4331ae7953333dbd09c648ed6ebd24db5a10ee",
                "sha256:717881211f46de3ab130b58ec0908267961fadc06e44f974466d1887f865bd5b",
                "sha256:749078d1eb89484db5f34b4012092ad14b327944ee7f1c4f74d6279a6e4d1884",
                "sha256:7913bd25f4ab274ba37bc97ad0e21c31004224ccb02765ad984eef43e04acc6c",
                "sha256:7a25fcbeae08f96a754b45bdc050e1fb94b95cab046bf56b016c25e9ab127b3e",
                "sha256:83d6b356e116ca119db8e7c6fc2983289d87b27b3fac238cfe5dca529d884562",
                "sha256:8b882a78c320478b12ff024e81dc7d43c1462aa4a3341c754ee65d857a521f85",
                "sha256:8f6a2229e8ad946e36815f2a03386bb8353d4bde368fdf8ca5f0cb97264d3b5c",
                "sha256:9801c4c1d9ae6a70aeb2128e5b4b68c45d4f0af0d1535500884d644fa9b768c6",
                "sha256:a15f64ae3a027b64496a71ab1f722355e570c3fac5ba2801cafce846bf5af01d",
                "sha256:a3d748383762e56337c39ab35c6ed4deb88df5326f97a38946ddd19028ecce6b",
                "sha256:a63f1a07932c9686d2d416fb295ec2c01ab246e89b4d58e5fa468089cab44b70",
                "sha256:b2b1a5ddae3677d89b686e5c625fc5547c6e492bd755b520de5332773a8af06b",
                "sha256:b2f4007bff007c96a173e24dcda236e5e83bde4358a557f9ccf5e014439eae4b",
                "sha256:baf378ba6151f6e272824b86a774326f692bc2ef4cc5ce8d5bc76e38c813a55f",
                "sha256:bafb01b4688833e099d79e7efd23f99172f501a15c44f21ea2118681473fdba0",
                "sha256:bba349276b126947b014e50ab3316c027cac1495992f10e5682dc677b3dfa0c5",
                "sha256:c084582d4215593f2f1d28b65d2a2f3aceff8342aa85afd7be23a9cad74a0de5",
                "sha256:d1ebb090a426db66dd80df8ca85adc4abfcbad8a7c2e9a5ec7513ede522e0a8f",
                "sha256:d2d8ce12b7c12c87e41123997ebaf1a5767a5be3ec545f64675388970f415e2e",
                "sha256:e32f5f3d1b1c663af7f9c4c1e72e6ffe9a78c03a31e149259f531e0fed826512",
                "sha256:e3faaf10a0d1e8e23a9b51d1900b72e1635c2d5b0e1bea1c18022486a8e2e52d",
                "sha256:f7d29a6fc4760300f86ae329e3b6ca28ea9c20823df123a2ea8693e967b29917",
                "sha256:f8f295db00ef5f8bae530fc39af0b40486ca6068733fb860b42115052206466f"
            ],
            "version": "==2020.11.13"
        },
        "requests": {
            "hashes": [
                "sha256:7f1a0b932f4a60a1a65caa4263921bb7d9ee911957e0ae4a23a6dd08185ad5f8",
                "sha256:e786fa28d8c9154e6a4de5d46a1d921b8749f8b74e28bde23768e5e16eece998"
            ],
            "index": "pypi",
            "version": "==2.25.0"
        },
        "toml": {
            "hashes": [
                "sha256:806143ae5bfb6a3c6e736a764057db0e6a0e05e338b5630894a5f779cabb4f9b",
                "sha256:b3bda1d108d5dd99f4a20d24d9c348e91c4db7ab1b749200bded2f839ccbe68f"
            ],
            "markers": "python_version >= '2.6' and python_version not in '3.0, 3.1, 3.2'",
            "version": "==0.10.2"
        },
        "typed-ast": {
            "hashes": [
                "sha256:0666aa36131496aed8f7be0410ff974562ab7eeac11ef351def9ea6fa28f6355",
                "sha256:0c2c07682d61a629b68433afb159376e24e5b2fd4641d35424e462169c0a7919",
                "sha256:0d8110d78a5736e16e26213114a38ca35cb15b6515d535413b090bd50951556d",
                "sha256:249862707802d40f7f29f6e1aad8d84b5aa9e44552d2cc17384b209f091276aa",
                "sha256:24995c843eb0ad11a4527b026b4dde3da70e1f2d8806c99b7b4a7cf491612652",
                "sha256:269151951236b0f9a6f04015a9004084a5ab0d5f19b57de779f908621e7d8b75",
                "sha256:3742b32cf1c6ef124d57f95be609c473d7ec4c14d0090e5a5e05a15269fb4d0c",
                "sha256:4083861b0aa07990b619bd7ddc365eb7fa4b817e99cf5f8d9cf21a42780f6e01",
                "sha256:498b0f36cc7054c1fead3d7fc59d2150f4d5c6c56ba7fb150c013fbc683a8d2d",
                "sha256:4e3e5da80ccbebfff202a67bf900d081906c358ccc3d5e3c8aea42fdfdfd51c1",
                "sha256:6daac9731f172c2a22ade6ed0c00197ee7cc1221aa84cfdf9c31defeb059a907",
                "sha256:715ff2f2df46121071622063fc7543d9b1fd19ebfc4f5c8895af64a77a8c852c",
                "sha256:73d785a950fc82dd2a25897d525d003f6378d1cb23ab305578394694202a58c3",
                "sha256:7e4c9d7658aaa1fc80018593abdf8598bf91325af6af5cce4ce7c73bc45ea53d",
                "sha256:8c8aaad94455178e3187ab22c8b01a3837f8ee50e09cf31f1ba129eb293ec30b",
                "sha256:8ce678dbaf790dbdb3eba24056d5364fb45944f33553dd5869b7580cdbb83614",
                "sha256:92c325624e304ebf0e025d1224b77dd4e6393f18aab8d829b5b7e04afe9b7a2c",
                "sha256:aaee9905aee35ba5905cfb3c62f3e83b3bec7b39413f0a7f19be4e547ea01ebb",
                "sha256:b52ccf7cfe4ce2a1064b18594381bccf4179c2ecf7f513134ec2f993dd4ab395",
                "sha256:bcd3b13b56ea479b3650b82cabd6b5343a625b0ced5429e4ccad28a8973f301b",
                "sha256:c9e348e02e4d2b4a8b2eedb48210430658df6951fa484e59de33ff773fbd4b41",
                "sha256:d205b1b46085271b4e15f670058ce182bd1199e56b317bf2ec004b6a44f911f6",
                "sha256:d43943ef777f9a1c42bf4e552ba23ac77a6351de620aa9acf64ad54933ad4d34",
                "sha256:d5d33e9e7af3b34a40dc05f498939f0ebf187f07c385fd58d591c533ad8562fe",
                "sha256:d648b8e3bf2fe648745c8ffcee3db3ff903d0817a01a12dd6a6ea7a8f4889072",
                "sha256:f208eb7aff048f6bea9586e61af041ddf7f9ade7caed625742af423f6bae3298",
                "sha256:fac11badff8313e23717f3dada86a15389d0708275bddf766cca67a84ead3e91",
                "sha256:fc0fea399acb12edbf8a628ba8d2312f583bdbdb3335635db062fa98cf71fca4",
                "sha256:fcf135e17cc74dbfbc05894ebca928ffeb23d9790b3167a674921db19082401f",
                "sha256:fe460b922ec15dd205595c9b5b99e2f056fd98ae8f9f56b888e7a17dc2b757e7"
            ],
            "version": "==1.4.1"
        },
        "typing-extensions": {
            "hashes": [
                "sha256:7cb407020f00f7bfc3cb3e7881628838e69d8f3fcab2f64742a5e76b2f841918",
                "sha256:99d4073b617d30288f569d3f13d2bd7548c3a7e4c8de87db09a9d29bb3a4a60c",
                "sha256:dafc7639cde7f1b6e1acc0f457842a83e722ccca8eef5270af2d74792619a89f"
            ],
            "markers": "python_version < '3.8'",
            "version": "==3.7.4.3"
        },
        "urllib3": {
            "hashes": [
                "sha256:19188f96923873c92ccb987120ec4acaa12f0461fa9ce5d3d0772bc965a39e08",
                "sha256:d8ff90d979214d7b4f8ce956e80f4028fc6860e4431f731ea4a8c08f23f99473"
            ],
            "markers": "python_version >= '2.7' and python_version not in '3.0, 3.1, 3.2, 3.3, 3.4' and python_version < '4'",
            "version": "==1.26.2"
        },
        "zipp": {
            "hashes": [
                "sha256:102c24ef8f171fd729d46599845e95c7ab894a4cf45f5de11a44cc7444fb1108",
                "sha256:ed5eee1974372595f9e416cc7bbeeb12335201d8081ca8a0743c954d4446e5cb"
            ],
            "markers": "python_version >= '3.6'",
            "version": "==3.4.0"
        }
    }
}
