{
    "_meta": {
        "hash": {
            "sha256": "93e1067dd8197ab478e73532d25bf2ba79e101011a842236c1f91c42478066b9"
        },
        "pipfile-spec": 6,
        "requires": {
            "python_version": "3.7"
        },
        "sources": [
            {
                "name": "pypi",
                "url": "https://pypi.org/simple",
                "verify_ssl": true
            }
        ]
    },
    "default": {
        "brotli": {
            "hashes": [
                "sha256:160c78292e98d21e73a4cc7f76a234390e516afcd982fa17e1422f7c6a9ce9c8",
                "sha256:16d528a45c2e1909c2798f27f7bf0a3feec1dc9e50948e738b961618e38b6a7b",
                "sha256:1c48472a6ba3b113452355b9af0a60da5c2ae60477f8feda8346f8fd48e3e87c",
                "sha256:268fe94547ba25b58ebc724680609c8ee3e5a843202e9a381f6f9c5e8bdb5c70",
                "sha256:269a5743a393c65db46a7bb982644c67ecba4b8d91b392403ad8a861ba6f495f",
                "sha256:35a3edbe18e876e596553c4007a087f8bcfd538f19bc116917b3c7522fca0429",
                "sha256:3b78a24b5fd13c03ee2b7b86290ed20efdc95da75a3557cc06811764d5ad1126",
                "sha256:40d15c79f42e0a2c72892bf407979febd9cf91f36f495ffb333d1d04cebb34e4",
                "sha256:4d1b810aa0ed773f81dceda2cc7b403d01057458730e309856356d4ef4188438",
                "sha256:503fa6af7da9f4b5780bb7e4cbe0c639b010f12be85d02c99452825dd0feef3f",
                "sha256:56d027eace784738457437df7331965473f2c0da2c70e1a1f6fdbae5402e0389",
                "sha256:5913a1177fc36e30fcf6dc868ce23b0453952c78c04c266d3149b3d39e1410d6",
                "sha256:5b6ef7d9f9c38292df3690fe3e302b5b530999fa90014853dcd0d6902fb59f26",
                "sha256:5cb1e18167792d7d21e21365d7650b72d5081ed476123ff7b8cac7f45189c0c7",
                "sha256:61a7ee1f13ab913897dac7da44a73c6d44d48a4adff42a5701e3239791c96e14",
                "sha256:68715970f16b6e92c574c30747c95cf8cf62804569647386ff032195dc89a430",
                "sha256:6b2ae9f5f67f89aade1fab0f7fd8f2832501311c363a21579d02defa844d9296",
                "sha256:6c772d6c0a79ac0f414a9f8947cc407e119b8598de7621f39cacadae3cf57d12",
                "sha256:7cb81373984cc0e4682f31bc3d6be9026006d96eecd07ea49aafb06897746452",
                "sha256:854c33dad5ba0fbd6ab69185fec8dab89e13cda6b7d191ba111987df74f38761",
                "sha256:88c63a1b55f352b02c6ffd24b15ead9fc0e8bf781dbe070213039324922a2eea",
                "sha256:93130612b837103e15ac3f9cbacb4613f9e348b58b3aad53721d92e57f96d46a",
                "sha256:97f715cf371b16ac88b8c19da00029804e20e25f30d80203417255d239f228b5",
                "sha256:9d12cf2851759b8de8ca5fde36a59c08210a97ffca0eb94c532ce7b17c6a3d1d",
                "sha256:afde17ae04d90fbe53afb628f7f2d4ca022797aa093e809de5c3cf276f61bbfa",
                "sha256:b663f1e02de5d0573610756398e44c130add0eb9a3fc912a09665332942a2efb",
                "sha256:c2415d9d082152460f2bd4e382a1e85aed233abc92db5a3880da2257dc7daf7b",
                "sha256:c83aa123d56f2e060644427a882a36b3c12db93727ad7a7b9efd7d7f3e9cc2c4",
                "sha256:cfc391f4429ee0a9370aa93d812a52e1fee0f37a81861f4fdd1f4fb28e8547c3",
                "sha256:db844eb158a87ccab83e868a762ea8024ae27337fc7ddcbfcddd157f841fdfe7",
                "sha256:defed7ea5f218a9f2336301e6fd379f55c655bea65ba2476346340a0ce6f74a1",
                "sha256:f909bbbc433048b499cb9db9e713b5d8d949e8c109a2a548502fb9aa8630f0b1"
            ],
            "version": "==1.0.9"
        },
        "category-encoders": {
            "hashes": [
                "sha256:3704d140d873c1325e68051ab2dce9663fd57c77fb1c368b9dc02e82e80c176a",
                "sha256:79651dc3e8cd6749bc5d404c49a79e93469016d106736326842305e076136cb0"
            ],
            "index": "pypi",
            "version": "==2.2.2"
        },
        "click": {
            "hashes": [
                "sha256:681c9380a24b22fec089c8e5ffe40aa16a0da79f248a26fe2481bfa8170bfcc1",
                "sha256:e4315a188403c0258bbc4a4e31863e48fc301c4e95b8007a8eeda0391158df13"
            ],
            "version": "==8.0.0a1"
        },
        "dash": {
            "hashes": [
                "sha256:57e32410a4f0f9fef0cdcd61f801bd01738f343ad308fa51592859ef9bc5c5ad"
            ],
            "index": "pypi",
            "version": "==1.11.0"
        },
        "dash-bootstrap-components": {
            "hashes": [
                "sha256:19c8c7d0d390badf72ef901da46e8c3270e204e8f8e9ab7997de29aeb39ad7b9",
                "sha256:4ad4898450d9a3baa4b47d9ab00f2a20c56ef58734828b72ccf9a690628b0672"
            ],
            "index": "pypi",
            "version": "==0.10.7"
        },
        "dash-core-components": {
            "hashes": [
                "sha256:ea72f514d841caa1b42a1c6092d00c05cc63768916d33563e994114c1a022656"
            ],
            "version": "==1.9.1"
        },
        "dash-html-components": {
            "hashes": [
                "sha256:dafb54ae8ab601fffe50c74d72b32783dec2beea65fd1c7e7dd6a66e20e545ba"
            ],
            "version": "==1.0.3"
        },
        "dash-renderer": {
            "hashes": [
                "sha256:c56e57f0b55ff0d7bb0f4df71060879460b2d22387fe01394fa84f85c71f66ed"
            ],
            "version": "==1.4.0"
        },
        "dash-table": {
            "hashes": [
                "sha256:5ceabd434bc63a9d1aa5bf4f00b55d2e5342072e274f0ee6fc53bc58bef4c1c2"
            ],
            "version": "==4.6.2"
        },
        "flask": {
            "hashes": [
                "sha256:13f9f196f330c7c2c5d7a5cf91af894110ca0215ac051b5844701f2bfd934d52",
                "sha256:45eb5a6fd193d6cf7e0cf5d8a5b31f83d5faae0293695626f539a823e93b13f6"
            ],
            "index": "pypi",
            "version": "==1.1.1"
        },
        "flask-compress": {
            "hashes": [
                "sha256:d93edd8fc02ae74b73c3df10a8e7ee26dee489c65dedce0b3a1d2ce05ac3d1be"
            ],
            "version": "==1.9.0"
        },
        "future": {
            "hashes": [
                "sha256:b1bead90b70cf6ec3f0710ae53a525360fa360d306a86583adc6bf83a4db537d"
            ],
            "version": "==0.18.2"
        },
        "gunicorn": {
            "hashes": [
                "sha256:1904bb2b8a43658807108d59c3f3d56c2b6121a701161de0ddf9ad140073c626",
                "sha256:cd4a810dd51bf497552cf3f863b575dabd73d6ad6a91075b65936b151cbf4f9c"
            ],
            "index": "pypi",
            "version": "==20.0.4"
        },
        "itsdangerous": {
            "hashes": [
                "sha256:55398d354327a1af9eeab0917ffa926985bf88dbd2b051f2cc9fe3f69e9f11d6",
                "sha256:743456d13b108af70259b3867e14e2f426e663c056dbe7b0070f0cb201de6753"
            ],
            "version": "==2.0.0rc1"
        },
        "jinja2": {
            "hashes": [
                "sha256:03e47ad063331dd6a3f04a43eddca8a966a26ba0c5b7207a9a9e4e08f1b29419",
                "sha256:a6d58433de0ae800347cab1fa3043cebbabe8baa9d29e668f1c768cb87a333c6"
            ],
            "index": "pypi",
            "version": "==2.11.3"
        },
        "joblib": {
            "hashes": [
                "sha256:9c17567692206d2f3fb9ecf5e991084254fe631665c450b443761c4186a613f7",
                "sha256:feeb1ec69c4d45129954f1b7034954241eedfd6ba39b5e9e4b6883be3332d5e5"
            ],
            "version": "==1.0.1"
        },
        "markupsafe": {
            "hashes": [
                "sha256:0195316c9962e49935a0d6951ec13ddadee4e7e954e527d2387ab5920f33326b",
                "sha256:0771b6c97e45412bdd079ff8e4f1b903400791d62e0099dc7437668d73ad7280",
                "sha256:0806afeead6a1ed483db811e3d4af694fe6cd240fe267719902f5321c02ce1f9",
                "sha256:2069d3ecff985cf2072154f2fc214f7dc493d40113c8fa127296e7c76a1f9227",
                "sha256:2f7efff175b8019977973bee4946df9e182255d17d41d59b8b8fd3f9df60dcfc",
                "sha256:338a6efaaf7cb6bb342fefbfc3f681696c4ee86171c86d660d081739b6fb1055",
                "sha256:39245c428902bc4853deb03c319621aaa72f040753516529ac200be3e6e43e0e",
                "sha256:39466d824310410598072d195cc55cc82c70e7c155ac6adce2b2851b5ce1a214",
                "sha256:635085ed6045c00bcee76cfce4dff45d47f9344ccea0ec7d80c581db65aa9f02",
                "sha256:65261edbd397b289bc7a0c20b21d2927bf81a4ff418a289fb053e06471dbbc90",
                "sha256:6d1d39c1e8a783fe1d2637b693f38a4dbd7f4aac636b82fd7da0e0682757192a",
                "sha256:77db4fd6dfe94f700f4395d34393baf695acb77f0e1d4fd77c93eacd8c38facf",
                "sha256:7cefccd52c32040035a8be398bda4348812f58dcc7c8d940913f19b6776caa50",
                "sha256:7fdaed892d454763f89d2c6ecfa7ee1a142412d01eb9da5927b594622ecdb328",
                "sha256:842c0a900ea044e719212810266aefbabedc47f7f6ed1567d645cec348de38c7",
                "sha256:931f80ecb8fa292f9390761d070cc5eb6e25ef133b3aff6d9f08f0ac7de774e0",
                "sha256:a26f1d7e4bea8e30871f0a025c6f6d81b27724b43d6a3a3e8388d9ec260d4586",
                "sha256:aa18dfb468b4bedd968195efc49e59f2773b406eb7591be19d3ac18cf506c5ec",
                "sha256:afd73362d06ada878f267aa1cf74930022c6b9e1fae4605e5bf35ca61ce06074",
                "sha256:b3f44d049add55a169e2ad6d176e592968f4f34c4ca754b925894ce5520cedfc",
                "sha256:b69682a6445f10332c376870fb53dd4ba946f70f0592118b97015a4a5fa814cc",
                "sha256:b8d3deaddf307963845c2c1a9c3f72a92856f9010dca69a05b35b27af9fff162",
                "sha256:c58a7117d253f7c560c54d8098a606d410e62129f4df78d78582b81ba254ba80",
                "sha256:c729b7bc3a38f24093c36fc20e98ba747440e937ea9997c1af7cd98d3ee9bdb1",
                "sha256:c7718a028d3917eabde519282b11fe0944f25e4d9d1716fec4ff8cf392ead36f",
                "sha256:c8ba02b5ff8dde786492f04ff003514750d40a509bd3d76ee080f11f226d8431",
                "sha256:cd2bf5e142accfa487a6d4705ae8a22f48798a35e5ec3561123e3723aba50888",
                "sha256:cdf40d0b3b7d0ba57b2cc1ea1432bf0841885f075c00b626b8400829b02aeb18",
                "sha256:d711c82719caaf59e44f73fd91f324dad09ece519f61c38ebac74d0e3c6dee2a",
                "sha256:d9463d3860a4009655048ab40d9a156e7c2b68c8c74464138444a251378c39de",
                "sha256:df56b55433f718b8a5681757a5c6eef2d365781615a268bcd0f5183cd5f57821",
                "sha256:e644dcf9df29d33110ef8d28a14337a7978025d32ff7c210335f3b25b49d03e0",
                "sha256:efac39cc0cfcb43b40e97afffc3087f4dd0fce8fb40d3ad0f5ea8f94b0195005",
                "sha256:fd47b68e61355c6452a92d85fcfad81f7e6f5df8110ed237d9027c54d9338b31"
            ],
            "version": "==2.0.0rc1"
        },
        "numpy": {
            "hashes": [
                "sha256:0aa2b318cf81eb1693fcfcbb8007e95e231d7e1aa24288137f3b19905736c3ee",
                "sha256:163c78c04f47f26ca1b21068cea25ed7c5ecafe5f5ab2ea4895656a750582b56",
                "sha256:1e37626bcb8895c4b3873fcfd54e9bfc5ffec8d0f525651d6985fcc5c6b6003c",
                "sha256:264fd15590b3f02a1fbc095e7e1f37cdac698ff3829e12ffdcffdce3772f9d44",
                "sha256:3d9e1554cd9b5999070c467b18e5ae3ebd7369f02706a8850816f576a954295f",
                "sha256:40c24960cd5cec55222963f255858a1c47c6fa50a65a5b03fd7de75e3700eaaa",
                "sha256:46f404314dbec78cb342904f9596f25f9b16e7cf304030f1339e553c8e77f51c",
                "sha256:4847f0c993298b82fad809ea2916d857d0073dc17b0510fbbced663b3265929d",
                "sha256:48e15612a8357393d176638c8f68a19273676877caea983f8baf188bad430379",
                "sha256:6725d2797c65598778409aba8cd67077bb089d5b7d3d87c2719b206dc84ec05e",
                "sha256:99f0ba97e369f02a21bb95faa3a0de55991fd5f0ece2e30a9e2eaebeac238921",
                "sha256:a41f303b3f9157a31ce7203e3ca757a0c40c96669e72d9b6ee1bce8507638970",
                "sha256:a4305564e93f5c4584f6758149fd446df39fd1e0a8c89ca0deb3cce56106a027",
                "sha256:a551d8cc267c634774830086da42e4ba157fa41dd3b93982bc9501b284b0c689",
                "sha256:a6bc9432c2640b008d5f29bad737714eb3e14bb8854878eacf3d7955c4e91c36",
                "sha256:c60175d011a2e551a2f74c84e21e7c982489b96b6a5e4b030ecdeacf2914da68",
                "sha256:e46e2384209c91996d5ec16744234d1c906ab79a701ce1a26155c9ec890b8dc8",
                "sha256:e607b8cdc2ae5d5a63cd1bec30a15b5ed583ac6a39f04b7ba0f03fcfbf29c05b",
                "sha256:e94a39d5c40fffe7696009dbd11bc14a349b377e03a384ed011e03d698787dd3",
                "sha256:eb2286249ebfe8fcb5b425e5ec77e4736d53ee56d3ad296f8947f67150f495e3",
                "sha256:fdee7540d12519865b423af411bd60ddb513d2eb2cd921149b732854995bbf8b"
            ],
            "index": "pypi",
            "version": "==1.18.3"
        },
        "pandas": {
            "hashes": [
                "sha256:07c1b58936b80eafdfe694ce964ac21567b80a48d972879a359b3ebb2ea76835",
                "sha256:0ebe327fb088df4d06145227a4aa0998e4f80a9e6aed4b61c1f303bdfdf7c722",
                "sha256:11c7cb654cd3a0e9c54d81761b5920cdc86b373510d829461d8f2ed6d5905266",
                "sha256:12f492dd840e9db1688126216706aa2d1fcd3f4df68a195f9479272d50054645",
                "sha256:167a1315367cea6ec6a5e11e791d9604f8e03f95b57ad227409de35cf850c9c5",
                "sha256:1a7c56f1df8d5ad8571fa251b864231f26b47b59cbe41aa5c0983d17dbb7a8e4",
                "sha256:1fa4bae1a6784aa550a1c9e168422798104a85bf9c77a1063ea77ee6f8452e3a",
                "sha256:32f42e322fb903d0e189a4c10b75ba70d90958cc4f66a1781ed027f1a1d14586",
                "sha256:387dc7b3c0424327fe3218f81e05fc27832772a5dffbed385013161be58df90b",
                "sha256:6597df07ea361231e60c00692d8a8099b519ed741c04e65821e632bc9ccb924c",
                "sha256:743bba36e99d4440403beb45a6f4f3a667c090c00394c176092b0b910666189b",
                "sha256:858a0d890d957ae62338624e4aeaf1de436dba2c2c0772570a686eaca8b4fc85",
                "sha256:863c3e4b7ae550749a0bb77fa22e601a36df9d2905afef34a6965bed092ba9e5",
                "sha256:a210c91a02ec5ff05617a298ad6f137b9f6f5771bf31f2d6b6367d7f71486639",
                "sha256:ca84a44cf727f211752e91eab2d1c6c1ab0f0540d5636a8382a3af428542826e",
                "sha256:d234bcf669e8b4d6cbcd99e3ce7a8918414520aeb113e2a81aeb02d0a533d7f7"
            ],
            "index": "pypi",
            "version": "==1.0.3"
        },
        "patsy": {
            "hashes": [
                "sha256:5465be1c0e670c3a965355ec09e9a502bf2c4cbe4875e8528b0221190a8a5d40",
                "sha256:f115cec4201e1465cd58b9866b0b0e7b941caafec129869057405bfe5b5e3991"
            ],
            "version": "==0.5.1"
        },
        "plotly": {
            "hashes": [
                "sha256:61f34955f04201a1ebcd59feaafa7eae7c16ef9b3f439870be01fb85a949292f",
                "sha256:ac0ca0854350bfcd833f3a8eb08aa50e184660502bb46fe907701f896ff349bd"
            ],
            "index": "pypi",
            "version": "==4.6.0"
        },
        "plotly-express": {
            "hashes": [
                "sha256:5f112922b0a6225dc7c010e3b86295a74449e3eac6cac8faa95175e99b7698ce",
                "sha256:ff73a41ce02fb43d1d8e8fa131ef3e6589857349ca216b941b8f3f862bce0278"
            ],
            "index": "pypi",
            "version": "==0.4.1"
        },
        "python-dateutil": {
            "hashes": [
                "sha256:73ebfe9dbf22e832286dafa60473e4cd239f8592f699aa5adaf10050e6e1823c",
                "sha256:75bb3f31ea686f1197762692a9ee6a7550b59fc6ca3a1f4b5d7e32fb98e2da2a"
            ],
            "version": "==2.8.1"
        },
        "python-dotenv": {
            "hashes": [
                "sha256:0c8d1b80d1a1e91717ea7d526178e3882732420b03f08afea0406db6402e220e",
                "sha256:587825ed60b1711daea4832cf37524dfd404325b7db5e25ebe88c495c9f807a0"
            ],
            "index": "pypi",
            "version": "==0.15.0"
        },
        "pytz": {
            "hashes": [
                "sha256:83a4a90894bf38e243cf052c8b58f381bfe9a7a483f6a9cab140bc7f702ac4da",
                "sha256:eb10ce3e7736052ed3623d49975ce333bcd712c7bb19a58b9e2089d4057d0798"
            ],
            "version": "==2021.1"
        },
        "retrying": {
            "hashes": [
                "sha256:08c039560a6da2fe4f2c426d0766e284d3b736e355f8dd24b37367b0bb41973b"
            ],
            "version": "==1.3.3"
        },
        "scikit-learn": {
            "hashes": [
                "sha256:045702fc87c7c022daac10e52f8cea355e28c7ecacf142820f49605f956d0fca",
                "sha256:13cdde64430bb48c8ac7a36244f3b4b2ddded8d3b207af317e460a593f566c69",
                "sha256:1527c8a7ab2cbd0fe27801eb3bcd5df30646f4b22b7eb445eff69096ed35bd6f",
                "sha256:1931bd555497cc98a919bfc25a29c100a539f708e424f4389bb414402b777079",
                "sha256:2019a7a1c27a013cf5ecea4e784f1f1cbdb978907baa888e5015fa9ed1d992e6",
                "sha256:3e726678a175ff0ddeb841297893881fdb6c0e9263a9e340dca0c7bc71b4311f",
                "sha256:5cd163b69d0f7f0ea6405dcb4eb9c96d40dc2a4798c9aef6a607482d0cc6e9d0",
                "sha256:6caaa33e9ce65bd949efdb1cd6b6b225ae79c85f84d725fc9e47063e7c024567",
                "sha256:af7649de54d3a5bf7dbc79430fb6ecb5c983c9d1521012800cd06276bc82062a",
                "sha256:bc8b37ca0de794838376cffddab69a46a9a54c4330800ea1f93cab61ca67dfa3",
                "sha256:c3be9ec4ec1af862864b9ffc9ec429de9fa28119e9fb88c542fefce8e31cadd3",
                "sha256:c54086447dafc62a2c8887abe48d048ba34e17f34b6ad6199c250a29e016c8b7",
                "sha256:e6994e41e6df39ea4603b00e0b328689bbcdee53b50a18fce5e4451949064fd1",
                "sha256:f18a243c52d38f192e21b82e6147bfc2ddfeddb172c109530f68100c21b8c606",
                "sha256:f827963b0fc5c08152a4f2c32a91b9ba63254f395420a10a731b9d1b0c2977f8"
            ],
            "index": "pypi",
            "version": "==0.22.2"
        },
        "scipy": {
            "hashes": [
                "sha256:0c8a51d33556bf70367452d4d601d1742c0e806cd0194785914daf19775f0e67",
                "sha256:0e5b0ccf63155d90da576edd2768b66fb276446c371b73841e3503be1d63fb5d",
                "sha256:2481efbb3740977e3c831edfd0bd9867be26387cacf24eb5e366a6a374d3d00d",
                "sha256:33d6b7df40d197bdd3049d64e8e680227151673465e5d85723b3b8f6b15a6ced",
                "sha256:5da5471aed911fe7e52b86bf9ea32fb55ae93e2f0fac66c32e58897cfb02fa07",
                "sha256:5f331eeed0297232d2e6eea51b54e8278ed8bb10b099f69c44e2558c090d06bf",
                "sha256:5fa9c6530b1661f1370bcd332a1e62ca7881785cc0f80c0d559b636567fab63c",
                "sha256:6725e3fbb47da428794f243864f2297462e9ee448297c93ed1dcbc44335feb78",
                "sha256:68cb4c424112cd4be886b4d979c5497fba190714085f46b8ae67a5e4416c32b4",
                "sha256:794e768cc5f779736593046c9714e0f3a5940bc6dcc1dba885ad64cbfb28e9f0",
                "sha256:83bf7c16245c15bc58ee76c5418e46ea1811edcc2e2b03041b804e46084ab627",
                "sha256:8e403a337749ed40af60e537cc4d4c03febddcc56cd26e774c9b1b600a70d3e4",
                "sha256:a15a1f3fc0abff33e792d6049161b7795909b40b97c6cc2934ed54384017ab76",
                "sha256:a423533c55fec61456dedee7b6ee7dce0bb6bfa395424ea374d25afa262be261",
                "sha256:a5193a098ae9f29af283dcf0041f762601faf2e595c0db1da929875b7570353f",
                "sha256:bd50daf727f7c195e26f27467c85ce653d41df4358a25b32434a50d8870fc519",
                "sha256:c4fceb864890b6168e79b0e714c585dbe2fd4222768ee90bc1aa0f8218691b11",
                "sha256:e79570979ccdc3d165456dd62041d9556fb9733b86b4b6d818af7a0afc15f092",
                "sha256:f46dd15335e8a320b0fb4685f58b7471702234cba8bb3442b69a3e1dc329c345"
            ],
            "version": "==1.6.1"
        },
        "six": {
            "hashes": [
                "sha256:30639c035cdb23534cd4aa2dd52c3bf48f06e5f4a941509c8bafd8ce11080259",
                "sha256:8b74bedcbbbaca38ff6d7491d76f2b06b3592611af620f8426e82dddb04a5ced"
            ],
            "version": "==1.15.0"
        },
        "statsmodels": {
            "hashes": [
                "sha256:02e95c567ac77834210ecbe96a64eb939fc42669f95d583ac6184b00830db743",
                "sha256:1e3ae5671cae0da8f94ce5e9331fc9880fe6210ffd5750ac961f84203d262763",
                "sha256:434240abd14f4998ec6350473cd105e9977e930635ecf7e352d641d729dbc2a2",
                "sha256:47e0f27fe515fae06240a1f1dbcdce8b93417ea294b4965335f538627f711b10",
                "sha256:49aa8ffbe0b0e2e86afa58dec6bd5c483898e9b8223d8a7d13b69b5ad144b674",
                "sha256:59403da80bdba84713d93f36897fba4fd3b2964a1b983816ed488a405abc18b1",
                "sha256:5bde3fa0a35a91b45dba7cbc28270b5b649ff1d721c89290883f6e831672d5f0",
                "sha256:5e7afc596164c1c7464ba3943721a9668aa0ce07853ce9881ac49d3a043784dd",
                "sha256:621f2ec00ff8a4749cef3c9cc11c12ac2ee549ecf3ccfde626b3f1461165f0e6",
                "sha256:6243bc78bc805acee7690098fa749094895bb3c2dd0b7f7ac8d57f97fe2b1eb2",
                "sha256:6371267d051b555898611913afa4a46144e9d29a234ef32c2e36e558e88a8de9",
                "sha256:67e1a5d9fc6900209203cd446b2ed6822eb4b03581dea669c4fe97f512cfde36",
                "sha256:6e7e2cb74d8ae56cffc0581f3467cdcd16d8f7e97297974cefdf0d727020c287",
                "sha256:92536c3579a6c7fbdaeb1c026781a17d4760e4b76ca861eaae05b2a43309dca5",
                "sha256:9efd2e27c08077330cecdbfb589cf84d735abface94e9a6387282a6a7c91362d",
                "sha256:a4fcb03d2a5d0f37d0ecb38f6d9d10a3ab6f9e2e583c3be4d4615484d5d10e88",
                "sha256:b9b9cb6ced4f9b644cfd0b6a9d4a88e406c643dba4f2ad61e22d03ee48bc7731",
                "sha256:bce1e6b94ade985a8319621c9ea4f7e312ed8cfcb5d93ab0cb0013c58b98680c",
                "sha256:e728156ae279f05574ef9e840ec57f44c96c85ba14010169e9b4e1085d89642f",
                "sha256:f2ac0559d6ef824d5a47576f572de62b0f088ef4f912dd40298ee9ab20d3ef9b",
                "sha256:f5e4928e230332260cb55458953dbbae6a63356f91d3242c7ba2d17dc6c4bd7f"
            ],
            "index": "pypi",
            "version": "==0.11.1"
        },
        "websocket-client": {
            "hashes": [
                "sha256:0fc45c961324d79c781bab301359d5a1b00b13ad1b10415a4780229ef71a5549",
                "sha256:d735b91d6d1692a6a181f2a8c9e0238e5f6373356f561bb9dc4c7af36f452010"
            ],
            "index": "pypi",
            "version": "==0.57.0"
        },
        "werkzeug": {
            "hashes": [
                "sha256:c66bc39b74a7d3383fdd009d73fd003f9f39c0fd2b129f282ab0d6a409e452f0",
                "sha256:ff80a8377526eb9a730148a8646a2b4e4217c519b6b55cc1b6138f666c52f57c"
            ],
            "version": "==2.0.0rc3"
        }
    },
    "develop": {
        "appdirs": {
            "hashes": [
                "sha256:7d5d0167b2b1ba821647616af46a749d1c653740dd0d2415100fe26e27afdf41",
                "sha256:a841dacd6b99318a741b166adb07e19ee71a274450e68237b4650ca1055ab128"
            ],
            "version": "==1.4.4"
        },
        "attrs": {
            "hashes": [
                "sha256:31b2eced602aa8423c2aea9c76a724617ed67cf9513173fd3a4f03e3a929c7e6",
                "sha256:832aa3cde19744e49938b91fea06d69ecb9e649c93ba974535d08ad92164f700"
            ],
            "version": "==20.3.0"
        },
        "black": {
            "hashes": [
                "sha256:1c02557aa099101b9d21496f8a914e9ed2222ef70336404eeeac8edba836fbea"
            ],
            "index": "pypi",
            "version": "==20.8b1"
        },
        "certifi": {
            "hashes": [
                "sha256:1a4995114262bffbc2413b159f2a1a480c969de6e6eb13ee966d470af86af59c",
                "sha256:719a74fb9e33b9bd44cc7f3a8d94bc35e4049deebe19ba7d8e108280cfd59830"
            ],
            "version": "==2020.12.5"
        },
        "chardet": {
            "hashes": [
                "sha256:0d6f53a15db4120f2b08c94f11e7d93d2c911ee118b6b30a04ec3ee8310179fa",
                "sha256:f864054d66fd9118f2e67044ac8981a54775ec5b67aed0441892edb553d21da5"
            ],
            "version": "==4.0.0"
        },
        "click": {
            "hashes": [
                "sha256:681c9380a24b22fec089c8e5ffe40aa16a0da79f248a26fe2481bfa8170bfcc1",
                "sha256:e4315a188403c0258bbc4a4e31863e48fc301c4e95b8007a8eeda0391158df13"
            ],
            "version": "==8.0.0a1"
        },
        "coverage": {
            "hashes": [
                "sha256:0203acd33d2298e19b57451ebb0bed0ab0c602e5cf5a818591b4918b1f97d516",
                "sha256:0f313707cdecd5cd3e217fc68c78a960b616604b559e9ea60cc16795c4304259",
                "sha256:1c6703094c81fa55b816f5ae542c6ffc625fec769f22b053adb42ad712d086c9",
                "sha256:1d44bb3a652fed01f1f2c10d5477956116e9b391320c94d36c6bf13b088a1097",
                "sha256:280baa8ec489c4f542f8940f9c4c2181f0306a8ee1a54eceba071a449fb870a0",
                "sha256:29a6272fec10623fcbe158fdf9abc7a5fa032048ac1d8631f14b50fbfc10d17f",
                "sha256:2b31f46bf7b31e6aa690d4c7a3d51bb262438c6dcb0d528adde446531d0d3bb7",
                "sha256:2d43af2be93ffbad25dd959899b5b809618a496926146ce98ee0b23683f8c51c",
                "sha256:381ead10b9b9af5f64646cd27107fb27b614ee7040bb1226f9c07ba96625cbb5",
                "sha256:47a11bdbd8ada9b7ee628596f9d97fbd3851bd9999d398e9436bd67376dbece7",
                "sha256:4d6a42744139a7fa5b46a264874a781e8694bb32f1d76d8137b68138686f1729",
                "sha256:50691e744714856f03a86df3e2bff847c2acede4c191f9a1da38f088df342978",
                "sha256:530cc8aaf11cc2ac7430f3614b04645662ef20c348dce4167c22d99bec3480e9",
                "sha256:582ddfbe712025448206a5bc45855d16c2e491c2dd102ee9a2841418ac1c629f",
                "sha256:63808c30b41f3bbf65e29f7280bf793c79f54fb807057de7e5238ffc7cc4d7b9",
                "sha256:71b69bd716698fa62cd97137d6f2fdf49f534decb23a2c6fc80813e8b7be6822",
                "sha256:7858847f2d84bf6e64c7f66498e851c54de8ea06a6f96a32a1d192d846734418",
                "sha256:78e93cc3571fd928a39c0b26767c986188a4118edc67bc0695bc7a284da22e82",
                "sha256:7f43286f13d91a34fadf61ae252a51a130223c52bfefb50310d5b2deb062cf0f",
                "sha256:86e9f8cd4b0cdd57b4ae71a9c186717daa4c5a99f3238a8723f416256e0b064d",
                "sha256:8f264ba2701b8c9f815b272ad568d555ef98dfe1576802ab3149c3629a9f2221",
                "sha256:9342dd70a1e151684727c9c91ea003b2fb33523bf19385d4554f7897ca0141d4",
                "sha256:9361de40701666b034c59ad9e317bae95c973b9ff92513dd0eced11c6adf2e21",
                "sha256:9669179786254a2e7e57f0ecf224e978471491d660aaca833f845b72a2df3709",
                "sha256:aac1ba0a253e17889550ddb1b60a2063f7474155465577caa2a3b131224cfd54",
                "sha256:aef72eae10b5e3116bac6957de1df4d75909fc76d1499a53fb6387434b6bcd8d",
                "sha256:bd3166bb3b111e76a4f8e2980fa1addf2920a4ca9b2b8ca36a3bc3dedc618270",
                "sha256:c1b78fb9700fc961f53386ad2fd86d87091e06ede5d118b8a50dea285a071c24",
                "sha256:c3888a051226e676e383de03bf49eb633cd39fc829516e5334e69b8d81aae751",
                "sha256:c5f17ad25d2c1286436761b462e22b5020d83316f8e8fcb5deb2b3151f8f1d3a",
                "sha256:c851b35fc078389bc16b915a0a7c1d5923e12e2c5aeec58c52f4aa8085ac8237",
                "sha256:cb7df71de0af56000115eafd000b867d1261f786b5eebd88a0ca6360cccfaca7",
                "sha256:cedb2f9e1f990918ea061f28a0f0077a07702e3819602d3507e2ff98c8d20636",
                "sha256:e8caf961e1b1a945db76f1b5fa9c91498d15f545ac0ababbe575cfab185d3bd8"
            ],
            "index": "pypi",
            "version": "==5.3"
        },
        "coveralls": {
            "hashes": [
                "sha256:2301a19500b06649d2ec4f2858f9c69638d7699a4c63027c5d53daba666147cc",
                "sha256:b990ba1f7bc4288e63340be0433698c1efe8217f78c689d254c2540af3d38617"
            ],
            "index": "pypi",
            "version": "==2.2.0"
        },
        "docopt": {
            "hashes": [
                "sha256:49b3a825280bd66b3aa83585ef59c4a8c82f2c8a522dbe754a8bc8d08c85c491"
            ],
            "version": "==0.6.2"
        },
        "flake8": {
            "hashes": [
                "sha256:749dbbd6bfd0cf1318af27bf97a14e28e5ff548ef8e5b1566ccfb25a11e7c839",
                "sha256:aadae8761ec651813c24be05c6f7b4680857ef6afaae4651a4eccaef97ce6c3b"
            ],
            "index": "pypi",
            "version": "==3.8.4"
        },
        "idna": {
            "hashes": [
                "sha256:b307872f855b18632ce0c21c5e45be78c0ea7ae4c15c828c20788b26921eb3f6",
                "sha256:b97d804b1e9b523befed77c48dacec60e6dcb0b5391d57af6a65a312a90648c0"
            ],
            "version": "==2.10"
        },
        "importlib-metadata": {
            "hashes": [
                "sha256:742add720a20d0467df2f444ae41704000f50e1234f46174b51f9c6031a1bd71",
                "sha256:b74159469b464a99cb8cc3e21973e4d96e05d3024d337313fedb618a6e86e6f4"
            ],
            "markers": "python_version < '3.8'",
            "version": "==3.7.3"
        },
        "iniconfig": {
            "hashes": [
                "sha256:011e24c64b7f47f6ebd835bb12a743f2fbe9a26d4cecaa7f53bc4f35ee9da8b3",
                "sha256:bc3af051d7d14b2ee5ef9969666def0cd1a000e121eaea580d4a313df4b37f32"
            ],
            "version": "==1.1.1"
        },
        "mccabe": {
            "hashes": [
                "sha256:ab8a6258860da4b6677da4bd2fe5dc2c659cff31b3ee4f7f5d64e79735b80d42",
                "sha256:dd8d182285a0fe56bace7f45b5e7d1a6ebcbf524e8f3bd87eb0f125271b8831f"
            ],
            "version": "==0.6.1"
        },
        "mypy-extensions": {
            "hashes": [
                "sha256:090fedd75945a69ae91ce1303b5824f428daf5a028d2f6ab8a299250a846f15d",
                "sha256:2d82818f5bb3e369420cb3c4060a7970edba416647068eb4c5343488a6c604a8"
            ],
            "version": "==0.4.3"
        },
        "packaging": {
            "hashes": [
                "sha256:5b327ac1320dc863dca72f4514ecc086f31186744b84a230374cc1fd776feae5",
                "sha256:67714da7f7bc052e064859c05c595155bd1ee9f69f76557e21f051443c20947a"
            ],
            "version": "==20.9"
        },
        "pathspec": {
            "hashes": [
                "sha256:86379d6b86d75816baba717e64b1a3a3469deb93bb76d613c9ce79edc5cb68fd",
                "sha256:aa0cb481c4041bf52ffa7b0d8fa6cd3e88a2ca4879c533c9153882ee2556790d"
            ],
            "version": "==0.8.1"
        },
        "pluggy": {
            "hashes": [
                "sha256:15b2acde666561e1298d71b523007ed7364de07029219b604cf808bfa1c765b0",
                "sha256:966c145cd83c96502c3c3868f50408687b38434af77734af1e9ca461a4081d2d"
            ],
            "version": "==0.13.1"
        },
        "py": {
            "hashes": [
                "sha256:21b81bda15b66ef5e1a777a21c4dcd9c20ad3efd0b3f817e7a809035269e1bd3",
                "sha256:3b80836aa6d1feeaa108e046da6423ab8f6ceda6468545ae8d02d9d58d18818a"
            ],
            "version": "==1.10.0"
        },
        "pycodestyle": {
            "hashes": [
                "sha256:2295e7b2f6b5bd100585ebcb1f616591b652db8a741695b3d8f5d28bdc934367",
                "sha256:c58a7d2815e0e8d7972bf1803331fb0152f867bd89adf8a01dfd55085434192e"
            ],
            "version": "==2.6.0"
        },
        "pyflakes": {
            "hashes": [
                "sha256:0d94e0e05a19e57a99444b6ddcf9a6eb2e5c68d3ca1e98e90707af8152c90a92",
                "sha256:35b2d75ee967ea93b55750aa9edbbf72813e06a66ba54438df2cfac9e3c27fc8"
            ],
            "version": "==2.2.0"
        },
        "pyparsing": {
            "hashes": [
                "sha256:1c6409312ce2ce2997896af5756753778d5f1603666dba5587804f09ad82ed27",
                "sha256:f4896b4cc085a1f8f8ae53a1a90db5a86b3825ff73eb974dffee3d9e701007f4"
            ],
            "version": "==3.0.0b2"
        },
        "pytest": {
            "hashes": [
                "sha256:4288fed0d9153d9646bfcdf0c0428197dba1ecb27a33bb6e031d002fa88653fe",
                "sha256:c0a7e94a8cdbc5422a51ccdad8e6f1024795939cc89159a0ae7f0b316ad3823e"
            ],
            "index": "pypi",
            "version": "==6.1.2"
        },
        "regex": {
            "hashes": [
                "sha256:07ef35301b4484bce843831e7039a84e19d8d33b3f8b2f9aab86c376813d0139",
                "sha256:13f50969028e81765ed2a1c5fcfdc246c245cf8d47986d5172e82ab1a0c42ee5",
                "sha256:14de88eda0976020528efc92d0a1f8830e2fb0de2ae6005a6fc4e062553031fa",
                "sha256:159fac1a4731409c830d32913f13f68346d6b8e39650ed5d704a9ce2f9ef9cb3",
                "sha256:18e25e0afe1cf0f62781a150c1454b2113785401ba285c745acf10c8ca8917df",
                "sha256:201e2619a77b21a7780580ab7b5ce43835e242d3e20fef50f66a8df0542e437f",
                "sha256:360a01b5fa2ad35b3113ae0c07fb544ad180603fa3b1f074f52d98c1096fa15e",
                "sha256:39c44532d0e4f1639a89e52355b949573e1e2c5116106a395642cbbae0ff9bcd",
                "sha256:3d9356add82cff75413bec360c1eca3e58db4a9f5dafa1f19650958a81e3249d",
                "sha256:3d9a7e215e02bd7646a91fb8bcba30bc55fd42a719d6b35cf80e5bae31d9134e",
                "sha256:4651f839dbde0816798e698626af6a2469eee6d9964824bb5386091255a1694f",
                "sha256:486a5f8e11e1f5bbfcad87f7c7745eb14796642323e7e1829a331f87a713daaa",
                "sha256:4b8a1fb724904139149a43e172850f35aa6ea97fb0545244dc0b805e0154ed68",
                "sha256:4c0788010a93ace8a174d73e7c6c9d3e6e3b7ad99a453c8ee8c975ddd9965643",
                "sha256:4c2e364491406b7888c2ad4428245fc56c327e34a5dfe58fd40df272b3c3dab3",
                "sha256:575a832e09d237ae5fedb825a7a5bc6a116090dd57d6417d4f3b75121c73e3be",
                "sha256:5770a51180d85ea468234bc7987f5597803a4c3d7463e7323322fe4a1b181578",
                "sha256:633497504e2a485a70a3268d4fc403fe3063a50a50eed1039083e9471ad0101c",
                "sha256:63f3ca8451e5ff7133ffbec9eda641aeab2001be1a01878990f6c87e3c44b9d5",
                "sha256:709f65bb2fa9825f09892617d01246002097f8f9b6dde8d1bb4083cf554701ba",
                "sha256:808404898e9a765e4058bf3d7607d0629000e0a14a6782ccbb089296b76fa8fe",
                "sha256:882f53afe31ef0425b405a3f601c0009b44206ea7f55ee1c606aad3cc213a52c",
                "sha256:8bd4f91f3fb1c9b1380d6894bd5b4a519409135bec14c0c80151e58394a4e88a",
                "sha256:8e65e3e4c6feadf6770e2ad89ad3deb524bcb03d8dc679f381d0568c024e0deb",
                "sha256:976a54d44fd043d958a69b18705a910a8376196c6b6ee5f2596ffc11bff4420d",
                "sha256:a0d04128e005142260de3733591ddf476e4902c0c23c1af237d9acf3c96e1b38",
                "sha256:a0df9a0ad2aad49ea3c7f65edd2ffb3d5c59589b85992a6006354f6fb109bb18",
                "sha256:a2ee026f4156789df8644d23ef423e6194fad0bc53575534101bb1de5d67e8ce",
                "sha256:a59a2ee329b3de764b21495d78c92ab00b4ea79acef0f7ae8c1067f773570afa",
                "sha256:b97ec5d299c10d96617cc851b2e0f81ba5d9d6248413cd374ef7f3a8871ee4a6",
                "sha256:b98bc9db003f1079caf07b610377ed1ac2e2c11acc2bea4892e28cc5b509d8d5",
                "sha256:b9d8d286c53fe0cbc6d20bf3d583cabcd1499d89034524e3b94c93a5ab85ca90",
                "sha256:bcd945175c29a672f13fce13a11893556cd440e37c1b643d6eeab1988c8b209c",
                "sha256:c66221e947d7207457f8b6f42b12f613b09efa9669f65a587a2a71f6a0e4d106",
                "sha256:c782da0e45aff131f0bed6e66fbcfa589ff2862fc719b83a88640daa01a5aff7",
                "sha256:cb4ee827857a5ad9b8ae34d3c8cc51151cb4a3fe082c12ec20ec73e63cc7c6f0",
                "sha256:d47d359545b0ccad29d572ecd52c9da945de7cd6cf9c0cfcb0269f76d3555689",
                "sha256:dc9963aacb7da5177e40874585d7407c0f93fb9d7518ec58b86e562f633f36cd",
                "sha256:ea2f41445852c660ba7c3ebf7d70b3779b20d9ca8ba54485a17740db49f46932",
                "sha256:f5d0c921c99297354cecc5a416ee4280bd3f20fd81b9fb671ca6be71499c3fdf",
                "sha256:f85d6f41e34f6a2d1607e312820971872944f1661a73d33e1e82d35ea3305e14"
            ],
            "version": "==2021.3.17"
        },
        "requests": {
            "hashes": [
                "sha256:27973dd4a904a4f13b263a19c866c13b92a39ed1c964655f025f3f8d3d75b804",
                "sha256:c210084e36a42ae6b9219e00e48287def368a26d03a048ddad7bfee44f75871e"
            ],
            "version": "==2.25.1"
        },
        "toml": {
            "hashes": [
                "sha256:806143ae5bfb6a3c6e736a764057db0e6a0e05e338b5630894a5f779cabb4f9b",
                "sha256:b3bda1d108d5dd99f4a20d24d9c348e91c4db7ab1b749200bded2f839ccbe68f"
            ],
            "version": "==0.10.2"
        },
        "typed-ast": {
            "hashes": [
                "sha256:07d49388d5bf7e863f7fa2f124b1b1d89d8aa0e2f7812faff0a5658c01c59aa1",
                "sha256:14bf1522cdee369e8f5581238edac09150c765ec1cb33615855889cf33dcb92d",
                "sha256:240296b27397e4e37874abb1df2a608a92df85cf3e2a04d0d4d61055c8305ba6",
                "sha256:36d829b31ab67d6fcb30e185ec996e1f72b892255a745d3a82138c97d21ed1cd",
                "sha256:37f48d46d733d57cc70fd5f30572d11ab8ed92da6e6b28e024e4a3edfb456e37",
                "sha256:4c790331247081ea7c632a76d5b2a265e6d325ecd3179d06e9cf8d46d90dd151",
                "sha256:5dcfc2e264bd8a1db8b11a892bd1647154ce03eeba94b461effe68790d8b8e07",
                "sha256:7147e2a76c75f0f64c4319886e7639e490fee87c9d25cb1d4faef1d8cf83a440",
                "sha256:7703620125e4fb79b64aa52427ec192822e9f45d37d4b6625ab37ef403e1df70",
                "sha256:8368f83e93c7156ccd40e49a783a6a6850ca25b556c0fa0240ed0f659d2fe496",
                "sha256:84aa6223d71012c68d577c83f4e7db50d11d6b1399a9c779046d75e24bed74ea",
                "sha256:85f95aa97a35bdb2f2f7d10ec5bbdac0aeb9dafdaf88e17492da0504de2e6400",
                "sha256:8db0e856712f79c45956da0c9a40ca4246abc3485ae0d7ecc86a20f5e4c09abc",
                "sha256:9044ef2df88d7f33692ae3f18d3be63dec69c4fb1b5a4a9ac950f9b4ba571606",
                "sha256:963c80b583b0661918718b095e02303d8078950b26cc00b5e5ea9ababe0de1fc",
                "sha256:987f15737aba2ab5f3928c617ccf1ce412e2e321c77ab16ca5a293e7bbffd581",
                "sha256:9ec45db0c766f196ae629e509f059ff05fc3148f9ffd28f3cfe75d4afb485412",
                "sha256:9fc0b3cb5d1720e7141d103cf4819aea239f7d136acf9ee4a69b047b7986175a",
                "sha256:a2c927c49f2029291fbabd673d51a2180038f8cd5a5b2f290f78c4516be48be2",
                "sha256:a38878a223bdd37c9709d07cd357bb79f4c760b29210e14ad0fb395294583787",
                "sha256:b4fcdcfa302538f70929eb7b392f536a237cbe2ed9cba88e3bf5027b39f5f77f",
                "sha256:c0c74e5579af4b977c8b932f40a5464764b2f86681327410aa028a22d2f54937",
                "sha256:c1c876fd795b36126f773db9cbb393f19808edd2637e00fd6caba0e25f2c7b64",
                "sha256:c9aadc4924d4b5799112837b226160428524a9a45f830e0d0f184b19e4090487",
                "sha256:cc7b98bf58167b7f2db91a4327da24fb93368838eb84a44c472283778fc2446b",
                "sha256:cf54cfa843f297991b7388c281cb3855d911137223c6b6d2dd82a47ae5125a41",
                "sha256:d003156bb6a59cda9050e983441b7fa2487f7800d76bdc065566b7d728b4581a",
                "sha256:d175297e9533d8d37437abc14e8a83cbc68af93cc9c1c59c2c292ec59a0697a3",
                "sha256:d746a437cdbca200622385305aedd9aef68e8a645e385cc483bdc5e488f07166",
                "sha256:e683e409e5c45d5c9082dc1daf13f6374300806240719f95dc783d1fc942af10"
            ],
            "version": "==1.4.2"
        },
        "typing-extensions": {
            "hashes": [
                "sha256:7cb407020f00f7bfc3cb3e7881628838e69d8f3fcab2f64742a5e76b2f841918",
                "sha256:99d4073b617d30288f569d3f13d2bd7548c3a7e4c8de87db09a9d29bb3a4a60c",
                "sha256:dafc7639cde7f1b6e1acc0f457842a83e722ccca8eef5270af2d74792619a89f"
            ],
            "markers": "python_version < '3.8'",
            "version": "==3.7.4.3"
        },
        "urllib3": {
            "hashes": [
                "sha256:2f4da4594db7e1e110a944bb1b551fdf4e6c136ad42e4234131391e21eb5b0df",
                "sha256:e7b021f7241115872f92f43c6508082facffbd1c048e3c6e2bb9c2a157e28937"
            ],
            "version": "==1.26.4"
        },
        "zipp": {
            "hashes": [
                "sha256:3607921face881ba3e026887d8150cca609d517579abe052ac81fc5aeffdbd76",
                "sha256:51cb66cc54621609dd593d1787f286ee42a5c0adbb4b29abea5a63edc3e03098"
            ],
            "version": "==3.4.1"
        }
    }
}
